// !$*UTF8*$!
{
	archiveVersion = 1;
	classes = {
	};
	objectVersion = 55;
	objects = {

/* Begin PBXBuildFile section */
		00C8EF8C297C07930040C6D9 /* AppDelegate.swift in Sources */ = {isa = PBXBuildFile; fileRef = 00C8EF8B297C07930040C6D9 /* AppDelegate.swift */; };
		00C8EF8E297C07930040C6D9 /* SceneDelegate.swift in Sources */ = {isa = PBXBuildFile; fileRef = 00C8EF8D297C07930040C6D9 /* SceneDelegate.swift */; };
		00C8EF95297C07940040C6D9 /* Assets.xcassets in Resources */ = {isa = PBXBuildFile; fileRef = 00C8EF94297C07940040C6D9 /* Assets.xcassets */; };
		00C8EF98297C07940040C6D9 /* LaunchScreen.storyboard in Resources */ = {isa = PBXBuildFile; fileRef = 00C8EF96297C07940040C6D9 /* LaunchScreen.storyboard */; };
		9D0676D9297C41AE00A6355A /* MainViewController.swift in Sources */ = {isa = PBXBuildFile; fileRef = 9D0676D8297C41AE00A6355A /* MainViewController.swift */; };
		9D0676DF297C422700A6355A /* MainViewController.xib in Resources */ = {isa = PBXBuildFile; fileRef = 9D0676DE297C422700A6355A /* MainViewController.xib */; };
		9D0676E1297C424B00A6355A /* MainPresenter.swift in Sources */ = {isa = PBXBuildFile; fileRef = 9D0676E0297C424B00A6355A /* MainPresenter.swift */; };
		9D0676E3297C440600A6355A /* Architecture.swift in Sources */ = {isa = PBXBuildFile; fileRef = 9D0676E2297C440600A6355A /* Architecture.swift */; };
		9D0676E5297C52CE00A6355A /* AssemblyModuleBuilder.swift in Sources */ = {isa = PBXBuildFile; fileRef = 9D0676E4297C52CE00A6355A /* AssemblyModuleBuilder.swift */; };
		9D0676E7297C55DE00A6355A /* DataProvider.swift in Sources */ = {isa = PBXBuildFile; fileRef = 9D0676E6297C55DE00A6355A /* DataProvider.swift */; };
		9D0676E9297C622800A6355A /* ArchitectureTableCell.swift in Sources */ = {isa = PBXBuildFile; fileRef = 9D0676E8297C622800A6355A /* ArchitectureTableCell.swift */; };
		9D0676F3297D751100A6355A /* DetailViewController.swift in Sources */ = {isa = PBXBuildFile; fileRef = 9D0676F2297D751100A6355A /* DetailViewController.swift */; };
		9D0676F5297D757E00A6355A /* DetailPresenter.swift in Sources */ = {isa = PBXBuildFile; fileRef = 9D0676F4297D757E00A6355A /* DetailPresenter.swift */; };
		9D0676F7297D803F00A6355A /* Router.swift in Sources */ = {isa = PBXBuildFile; fileRef = 9D0676F6297D803F00A6355A /* Router.swift */; };
		9D0676FD297D971500A6355A /* DetailViewController.xib in Resources */ = {isa = PBXBuildFile; fileRef = 9D0676FB297D971500A6355A /* DetailViewController.xib */; };
/* End PBXBuildFile section */

/* Begin PBXFileReference section */
		00C8EF88297C07930040C6D9 /* ArchdocApp.app */ = {isa = PBXFileReference; explicitFileType = wrapper.application; includeInIndex = 0; path = ArchdocApp.app; sourceTree = BUILT_PRODUCTS_DIR; };
		00C8EF8B297C07930040C6D9 /* AppDelegate.swift */ = {isa = PBXFileReference; lastKnownFileType = sourcecode.swift; path = AppDelegate.swift; sourceTree = "<group>"; };
		00C8EF8D297C07930040C6D9 /* SceneDelegate.swift */ = {isa = PBXFileReference; lastKnownFileType = sourcecode.swift; path = SceneDelegate.swift; sourceTree = "<group>"; };
		00C8EF94297C07940040C6D9 /* Assets.xcassets */ = {isa = PBXFileReference; lastKnownFileType = folder.assetcatalog; path = Assets.xcassets; sourceTree = "<group>"; };
		00C8EF97297C07940040C6D9 /* Base */ = {isa = PBXFileReference; lastKnownFileType = file.storyboard; name = Base; path = Base.lproj/LaunchScreen.storyboard; sourceTree = "<group>"; };
		00C8EF99297C07940040C6D9 /* Info.plist */ = {isa = PBXFileReference; lastKnownFileType = text.plist.xml; path = Info.plist; sourceTree = "<group>"; };
		9D0676D8297C41AE00A6355A /* MainViewController.swift */ = {isa = PBXFileReference; lastKnownFileType = sourcecode.swift; path = MainViewController.swift; sourceTree = "<group>"; };
		9D0676DE297C422700A6355A /* MainViewController.xib */ = {isa = PBXFileReference; lastKnownFileType = file.xib; path = MainViewController.xib; sourceTree = "<group>"; };
		9D0676E0297C424B00A6355A /* MainPresenter.swift */ = {isa = PBXFileReference; lastKnownFileType = sourcecode.swift; path = MainPresenter.swift; sourceTree = "<group>"; };
		9D0676E2297C440600A6355A /* Architecture.swift */ = {isa = PBXFileReference; lastKnownFileType = sourcecode.swift; path = Architecture.swift; sourceTree = "<group>"; };
		9D0676E4297C52CE00A6355A /* AssemblyModuleBuilder.swift */ = {isa = PBXFileReference; lastKnownFileType = sourcecode.swift; path = AssemblyModuleBuilder.swift; sourceTree = "<group>"; };
		9D0676E6297C55DE00A6355A /* DataProvider.swift */ = {isa = PBXFileReference; lastKnownFileType = sourcecode.swift; path = DataProvider.swift; sourceTree = "<group>"; };
		9D0676E8297C622800A6355A /* ArchitectureTableCell.swift */ = {isa = PBXFileReference; lastKnownFileType = sourcecode.swift; path = ArchitectureTableCell.swift; sourceTree = "<group>"; };
		9D0676F2297D751100A6355A /* DetailViewController.swift */ = {isa = PBXFileReference; lastKnownFileType = sourcecode.swift; path = DetailViewController.swift; sourceTree = "<group>"; };
		9D0676F4297D757E00A6355A /* DetailPresenter.swift */ = {isa = PBXFileReference; lastKnownFileType = sourcecode.swift; path = DetailPresenter.swift; sourceTree = "<group>"; };
		9D0676F6297D803F00A6355A /* Router.swift */ = {isa = PBXFileReference; lastKnownFileType = sourcecode.swift; path = Router.swift; sourceTree = "<group>"; };
		9D0676FB297D971500A6355A /* DetailViewController.xib */ = {isa = PBXFileReference; lastKnownFileType = file.xib; path = DetailViewController.xib; sourceTree = "<group>"; };
/* End PBXFileReference section */

/* Begin PBXFrameworksBuildPhase section */
		00C8EF85297C07930040C6D9 /* Frameworks */ = {
			isa = PBXFrameworksBuildPhase;
			buildActionMask = 2147483647;
			files = (
			);
			runOnlyForDeploymentPostprocessing = 0;
		};
/* End PBXFrameworksBuildPhase section */

/* Begin PBXGroup section */
		00C8EF7F297C07930040C6D9 = {
			isa = PBXGroup;
			children = (
				00C8EF8A297C07930040C6D9 /* ArchdocApp */,
				00C8EF89297C07930040C6D9 /* Products */,
			);
			sourceTree = "<group>";
		};
		00C8EF89297C07930040C6D9 /* Products */ = {
			isa = PBXGroup;
			children = (
				00C8EF88297C07930040C6D9 /* ArchdocApp.app */,
			);
			name = Products;
			sourceTree = "<group>";
		};
		00C8EF8A297C07930040C6D9 /* ArchdocApp */ = {
			isa = PBXGroup;
			children = (
				00C8EF8B297C07930040C6D9 /* AppDelegate.swift */,
				00C8EF8D297C07930040C6D9 /* SceneDelegate.swift */,
				9D0676F6297D803F00A6355A /* Router.swift */,
				9D0676E4297C52CE00A6355A /* AssemblyModuleBuilder.swift */,
				9D0676EC297D73F800A6355A /* DetailModule */,
				9D0676DA297C41B400A6355A /* MainModule */,
				00C8EF94297C07940040C6D9 /* Assets.xcassets */,
				00C8EF96297C07940040C6D9 /* LaunchScreen.storyboard */,
				00C8EF99297C07940040C6D9 /* Info.plist */,
			);
			path = ArchdocApp;
			sourceTree = "<group>";
		};
		9D0676DA297C41B400A6355A /* MainModule */ = {
			isa = PBXGroup;
			children = (
				9D0676E6297C55DE00A6355A /* DataProvider.swift */,
				9D0676DB297C41D300A6355A /* Model */,
				9D0676DC297C41DD00A6355A /* MainView */,
				9D0676DD297C41E200A6355A /* MainPresenter */,
			);
			path = MainModule;
			sourceTree = "<group>";
		};
		9D0676DB297C41D300A6355A /* Model */ = {
			isa = PBXGroup;
			children = (
				9D0676E2297C440600A6355A /* Architecture.swift */,
			);
			path = Model;
			sourceTree = "<group>";
		};
		9D0676DC297C41DD00A6355A /* MainView */ = {
			isa = PBXGroup;
			children = (
				9D0676D8297C41AE00A6355A /* MainViewController.swift */,
				9D0676DE297C422700A6355A /* MainViewController.xib */,
				9D0676EB297C626600A6355A /* ArchitectureTableCell */,
			);
			path = MainView;
			sourceTree = "<group>";
		};
		9D0676DD297C41E200A6355A /* MainPresenter */ = {
			isa = PBXGroup;
			children = (
				9D0676E0297C424B00A6355A /* MainPresenter.swift */,
			);
			path = MainPresenter;
			sourceTree = "<group>";
		};
		9D0676EB297C626600A6355A /* ArchitectureTableCell */ = {
			isa = PBXGroup;
			children = (
				9D0676E8297C622800A6355A /* ArchitectureTableCell.swift */,
			);
			path = ArchitectureTableCell;
			sourceTree = "<group>";
		};
		9D0676EC297D73F800A6355A /* DetailModule */ = {
			isa = PBXGroup;
			children = (
				9D0676ED297D740500A6355A /* DetailView */,
				9D0676F1297D748600A6355A /* DetailPresenter */,
			);
			path = DetailModule;
			sourceTree = "<group>";
		};
		9D0676ED297D740500A6355A /* DetailView */ = {
			isa = PBXGroup;
			children = (
				9D0676F2297D751100A6355A /* DetailViewController.swift */,
				9D0676FB297D971500A6355A /* DetailViewController.xib */,
			);
			path = DetailView;
			sourceTree = "<group>";
		};
		9D0676F1297D748600A6355A /* DetailPresenter */ = {
			isa = PBXGroup;
			children = (
				9D0676F4297D757E00A6355A /* DetailPresenter.swift */,
			);
			path = DetailPresenter;
			sourceTree = "<group>";
		};
/* End PBXGroup section */

/* Begin PBXNativeTarget section */
		00C8EF87297C07930040C6D9 /* ArchdocApp */ = {
			isa = PBXNativeTarget;
			buildConfigurationList = 00C8EF9C297C07940040C6D9 /* Build configuration list for PBXNativeTarget "ArchdocApp" */;
			buildPhases = (
				00C8EF84297C07930040C6D9 /* Sources */,
				00C8EF85297C07930040C6D9 /* Frameworks */,
				00C8EF86297C07930040C6D9 /* Resources */,
			);
			buildRules = (
			);
			dependencies = (
			);
			name = ArchdocApp;
			productName = ArchdocApp;
			productReference = 00C8EF88297C07930040C6D9 /* ArchdocApp.app */;
			productType = "com.apple.product-type.application";
		};
/* End PBXNativeTarget section */

/* Begin PBXProject section */
		00C8EF80297C07930040C6D9 /* Project object */ = {
			isa = PBXProject;
			attributes = {
				BuildIndependentTargetsInParallel = 1;
				LastSwiftUpdateCheck = 1340;
				LastUpgradeCheck = 1340;
				TargetAttributes = {
					00C8EF87297C07930040C6D9 = {
						CreatedOnToolsVersion = 13.4.1;
					};
				};
			};
			buildConfigurationList = 00C8EF83297C07930040C6D9 /* Build configuration list for PBXProject "ArchdocApp" */;
			compatibilityVersion = "Xcode 13.0";
			developmentRegion = en;
			hasScannedForEncodings = 0;
			knownRegions = (
				en,
				Base,
			);
			mainGroup = 00C8EF7F297C07930040C6D9;
			productRefGroup = 00C8EF89297C07930040C6D9 /* Products */;
			projectDirPath = "";
			projectRoot = "";
			targets = (
				00C8EF87297C07930040C6D9 /* ArchdocApp */,
			);
		};
/* End PBXProject section */

/* Begin PBXResourcesBuildPhase section */
		00C8EF86297C07930040C6D9 /* Resources */ = {
			isa = PBXResourcesBuildPhase;
			buildActionMask = 2147483647;
			files = (
				9D0676DF297C422700A6355A /* MainViewController.xib in Resources */,
				00C8EF98297C07940040C6D9 /* LaunchScreen.storyboard in Resources */,
				00C8EF95297C07940040C6D9 /* Assets.xcassets in Resources */,
				9D0676FD297D971500A6355A /* DetailViewController.xib in Resources */,
			);
			runOnlyForDeploymentPostprocessing = 0;
		};
/* End PBXResourcesBuildPhase section */

/* Begin PBXSourcesBuildPhase section */
		00C8EF84297C07930040C6D9 /* Sources */ = {
			isa = PBXSourcesBuildPhase;
			buildActionMask = 2147483647;
			files = (
				9D0676F7297D803F00A6355A /* Router.swift in Sources */,
				9D0676E1297C424B00A6355A /* MainPresenter.swift in Sources */,
				9D0676D9297C41AE00A6355A /* MainViewController.swift in Sources */,
				9D0676E7297C55DE00A6355A /* DataProvider.swift in Sources */,
				9D0676F5297D757E00A6355A /* DetailPresenter.swift in Sources */,
				9D0676E5297C52CE00A6355A /* AssemblyModuleBuilder.swift in Sources */,
				00C8EF8C297C07930040C6D9 /* AppDelegate.swift in Sources */,
				9D0676E9297C622800A6355A /* ArchitectureTableCell.swift in Sources */,
				9D0676F3297D751100A6355A /* DetailViewController.swift in Sources */,
				9D0676E3297C440600A6355A /* Architecture.swift in Sources */,
				00C8EF8E297C07930040C6D9 /* SceneDelegate.swift in Sources */,
			);
			runOnlyForDeploymentPostprocessing = 0;
		};
/* End PBXSourcesBuildPhase section */

/* Begin PBXVariantGroup section */
		00C8EF96297C07940040C6D9 /* LaunchScreen.storyboard */ = {
			isa = PBXVariantGroup;
			children = (
				00C8EF97297C07940040C6D9 /* Base */,
			);
			name = LaunchScreen.storyboard;
			sourceTree = "<group>";
		};
/* End PBXVariantGroup section */

/* Begin XCBuildConfiguration section */
		00C8EF9A297C07940040C6D9 /* Debug */ = {
			isa = XCBuildConfiguration;
			buildSettings = {
				ALWAYS_SEARCH_USER_PATHS = NO;
				CLANG_ANALYZER_NONNULL = YES;
				CLANG_ANALYZER_NUMBER_OBJECT_CONVERSION = YES_AGGRESSIVE;
				CLANG_CXX_LANGUAGE_STANDARD = "gnu++17";
				CLANG_ENABLE_MODULES = YES;
				CLANG_ENABLE_OBJC_ARC = YES;
				CLANG_ENABLE_OBJC_WEAK = YES;
				CLANG_WARN_BLOCK_CAPTURE_AUTORELEASING = YES;
				CLANG_WARN_BOOL_CONVERSION = YES;
				CLANG_WARN_COMMA = YES;
				CLANG_WARN_CONSTANT_CONVERSION = YES;
				CLANG_WARN_DEPRECATED_OBJC_IMPLEMENTATIONS = YES;
				CLANG_WARN_DIRECT_OBJC_ISA_USAGE = YES_ERROR;
				CLANG_WARN_DOCUMENTATION_COMMENTS = YES;
				CLANG_WARN_EMPTY_BODY = YES;
				CLANG_WARN_ENUM_CONVERSION = YES;
				CLANG_WARN_INFINITE_RECURSION = YES;
				CLANG_WARN_INT_CONVERSION = YES;
				CLANG_WARN_NON_LITERAL_NULL_CONVERSION = YES;
				CLANG_WARN_OBJC_IMPLICIT_RETAIN_SELF = YES;
				CLANG_WARN_OBJC_LITERAL_CONVERSION = YES;
				CLANG_WARN_OBJC_ROOT_CLASS = YES_ERROR;
				CLANG_WARN_QUOTED_INCLUDE_IN_FRAMEWORK_HEADER = YES;
				CLANG_WARN_RANGE_LOOP_ANALYSIS = YES;
				CLANG_WARN_STRICT_PROTOTYPES = YES;
				CLANG_WARN_SUSPICIOUS_MOVE = YES;
				CLANG_WARN_UNGUARDED_AVAILABILITY = YES_AGGRESSIVE;
				CLANG_WARN_UNREACHABLE_CODE = YES;
				CLANG_WARN__DUPLICATE_METHOD_MATCH = YES;
				COPY_PHASE_STRIP = NO;
				DEBUG_INFORMATION_FORMAT = dwarf;
				ENABLE_STRICT_OBJC_MSGSEND = YES;
				ENABLE_TESTABILITY = YES;
				GCC_C_LANGUAGE_STANDARD = gnu11;
				GCC_DYNAMIC_NO_PIC = NO;
				GCC_NO_COMMON_BLOCKS = YES;
				GCC_OPTIMIZATION_LEVEL = 0;
				GCC_PREPROCESSOR_DEFINITIONS = (
					"DEBUG=1",
					"$(inherited)",
				);
				GCC_WARN_64_TO_32_BIT_CONVERSION = YES;
				GCC_WARN_ABOUT_RETURN_TYPE = YES_ERROR;
				GCC_WARN_UNDECLARED_SELECTOR = YES;
				GCC_WARN_UNINITIALIZED_AUTOS = YES_AGGRESSIVE;
				GCC_WARN_UNUSED_FUNCTION = YES;
				GCC_WARN_UNUSED_VARIABLE = YES;
				IPHONEOS_DEPLOYMENT_TARGET = 15.5;
				MTL_ENABLE_DEBUG_INFO = INCLUDE_SOURCE;
				MTL_FAST_MATH = YES;
				ONLY_ACTIVE_ARCH = YES;
				SDKROOT = iphoneos;
				SWIFT_ACTIVE_COMPILATION_CONDITIONS = DEBUG;
				SWIFT_OPTIMIZATION_LEVEL = "-Onone";
			};
			name = Debug;
		};
		00C8EF9B297C07940040C6D9 /* Release */ = {
			isa = XCBuildConfiguration;
			buildSettings = {
				ALWAYS_SEARCH_USER_PATHS = NO;
				CLANG_ANALYZER_NONNULL = YES;
				CLANG_ANALYZER_NUMBER_OBJECT_CONVERSION = YES_AGGRESSIVE;
				CLANG_CXX_LANGUAGE_STANDARD = "gnu++17";
				CLANG_ENABLE_MODULES = YES;
				CLANG_ENABLE_OBJC_ARC = YES;
				CLANG_ENABLE_OBJC_WEAK = YES;
				CLANG_WARN_BLOCK_CAPTURE_AUTORELEASING = YES;
				CLANG_WARN_BOOL_CONVERSION = YES;
				CLANG_WARN_COMMA = YES;
				CLANG_WARN_CONSTANT_CONVERSION = YES;
				CLANG_WARN_DEPRECATED_OBJC_IMPLEMENTATIONS = YES;
				CLANG_WARN_DIRECT_OBJC_ISA_USAGE = YES_ERROR;
				CLANG_WARN_DOCUMENTATION_COMMENTS = YES;
				CLANG_WARN_EMPTY_BODY = YES;
				CLANG_WARN_ENUM_CONVERSION = YES;
				CLANG_WARN_INFINITE_RECURSION = YES;
				CLANG_WARN_INT_CONVERSION = YES;
				CLANG_WARN_NON_LITERAL_NULL_CONVERSION = YES;
				CLANG_WARN_OBJC_IMPLICIT_RETAIN_SELF = YES;
				CLANG_WARN_OBJC_LITERAL_CONVERSION = YES;
				CLANG_WARN_OBJC_ROOT_CLASS = YES_ERROR;
				CLANG_WARN_QUOTED_INCLUDE_IN_FRAMEWORK_HEADER = YES;
				CLANG_WARN_RANGE_LOOP_ANALYSIS = YES;
				CLANG_WARN_STRICT_PROTOTYPES = YES;
				CLANG_WARN_SUSPICIOUS_MOVE = YES;
				CLANG_WARN_UNGUARDED_AVAILABILITY = YES_AGGRESSIVE;
				CLANG_WARN_UNREACHABLE_CODE = YES;
				CLANG_WARN__DUPLICATE_METHOD_MATCH = YES;
				COPY_PHASE_STRIP = NO;
				DEBUG_INFORMATION_FORMAT = "dwarf-with-dsym";
				ENABLE_NS_ASSERTIONS = NO;
				ENABLE_STRICT_OBJC_MSGSEND = YES;
				GCC_C_LANGUAGE_STANDARD = gnu11;
				GCC_NO_COMMON_BLOCKS = YES;
				GCC_WARN_64_TO_32_BIT_CONVERSION = YES;
				GCC_WARN_ABOUT_RETURN_TYPE = YES_ERROR;
				GCC_WARN_UNDECLARED_SELECTOR = YES;
				GCC_WARN_UNINITIALIZED_AUTOS = YES_AGGRESSIVE;
				GCC_WARN_UNUSED_FUNCTION = YES;
				GCC_WARN_UNUSED_VARIABLE = YES;
				IPHONEOS_DEPLOYMENT_TARGET = 15.5;
				MTL_ENABLE_DEBUG_INFO = NO;
				MTL_FAST_MATH = YES;
				SDKROOT = iphoneos;
				SWIFT_COMPILATION_MODE = wholemodule;
				SWIFT_OPTIMIZATION_LEVEL = "-O";
				VALIDATE_PRODUCT = YES;
			};
			name = Release;
		};
		00C8EF9D297C07940040C6D9 /* Debug */ = {
			isa = XCBuildConfiguration;
			buildSettings = {
				ASSETCATALOG_COMPILER_APPICON_NAME = AppIcon;
				ASSETCATALOG_COMPILER_GLOBAL_ACCENT_COLOR_NAME = AccentColor;
				CODE_SIGN_STYLE = Automatic;
				CURRENT_PROJECT_VERSION = 1;
				DEVELOPMENT_TEAM = KV44Y72Q9R;
				GENERATE_INFOPLIST_FILE = YES;
				INFOPLIST_FILE = ArchdocApp/Info.plist;
				INFOPLIST_KEY_UIApplicationSupportsIndirectInputEvents = YES;
				INFOPLIST_KEY_UILaunchStoryboardName = LaunchScreen;
				INFOPLIST_KEY_UISupportedInterfaceOrientations = UIInterfaceOrientationPortrait;
				INFOPLIST_KEY_UISupportedInterfaceOrientations_iPad = "UIInterfaceOrientationLandscapeLeft UIInterfaceOrientationLandscapeRight UIInterfaceOrientationPortrait UIInterfaceOrientationPortraitUpsideDown";
				LD_RUNPATH_SEARCH_PATHS = (
					"$(inherited)",
					"@executable_path/Frameworks",
				);
				MARKETING_VERSION = 1.0;
				PRODUCT_BUNDLE_IDENTIFIER = com.amsterdance26.ArchdocApp;
				PRODUCT_NAME = "$(TARGET_NAME)";
				SWIFT_EMIT_LOC_STRINGS = YES;
				SWIFT_VERSION = 5.0;
				TARGETED_DEVICE_FAMILY = 1;
			};
			name = Debug;
		};
		00C8EF9E297C07940040C6D9 /* Release */ = {
			isa = XCBuildConfiguration;
			buildSettings = {
				ASSETCATALOG_COMPILER_APPICON_NAME = AppIcon;
				ASSETCATALOG_COMPILER_GLOBAL_ACCENT_COLOR_NAME = AccentColor;
				CODE_SIGN_STYLE = Automatic;
				CURRENT_PROJECT_VERSION = 1;
				DEVELOPMENT_TEAM = 98Z2UWS5M6;
				GENERATE_INFOPLIST_FILE = YES;
				INFOPLIST_FILE = ArchdocApp/Info.plist;
				INFOPLIST_KEY_UIApplicationSupportsIndirectInputEvents = YES;
				INFOPLIST_KEY_UILaunchStoryboardName = LaunchScreen;
				INFOPLIST_KEY_UISupportedInterfaceOrientations = UIInterfaceOrientationPortrait;
				INFOPLIST_KEY_UISupportedInterfaceOrientations_iPad = "UIInterfaceOrientationLandscapeLeft UIInterfaceOrientationLandscapeRight UIInterfaceOrientationPortrait UIInterfaceOrientationPortraitUpsideDown";
				LD_RUNPATH_SEARCH_PATHS = (
					"$(inherited)",
					"@executable_path/Frameworks",
				);
				MARKETING_VERSION = 1.0;
				PRODUCT_BUNDLE_IDENTIFIER = com.amsterdance26.ArchdocApp;
				PRODUCT_NAME = "$(TARGET_NAME)";
				SWIFT_EMIT_LOC_STRINGS = YES;
				SWIFT_VERSION = 5.0;
				TARGETED_DEVICE_FAMILY = 1;
			};
			name = Release;
		};
/* End XCBuildConfiguration section */

/* Begin XCConfigurationList section */
		00C8EF83297C07930040C6D9 /* Build configuration list for PBXProject "ArchdocApp" */ = {
			isa = XCConfigurationList;
			buildConfigurations = (
				00C8EF9A297C07940040C6D9 /* Debug */,
				00C8EF9B297C07940040C6D9 /* Release */,
			);
			defaultConfigurationIsVisible = 0;
			defaultConfigurationName = Release;
		};
		00C8EF9C297C07940040C6D9 /* Build configuration list for PBXNativeTarget "ArchdocApp" */ = {
			isa = XCConfigurationList;
			buildConfigurations = (
				00C8EF9D297C07940040C6D9 /* Debug */,
				00C8EF9E297C07940040C6D9 /* Release */,
			);
			defaultConfigurationIsVisible = 0;
			defaultConfigurationName = Release;
		};
/* End XCConfigurationList section */
	};
	rootObject = 00C8EF80297C07930040C6D9 /* Project object */;
}
