// !$*UTF8*$!
{
	archiveVersion = 1;
	classes = {
	};
	objectVersion = 55;
	objects = {

/* Begin PBXBuildFile section */
		00C8EF8C297C07930040C6D9 /* AppDelegate.swift in Sources */ = {isa = PBXBuildFile; fileRef = 00C8EF8B297C07930040C6D9 /* AppDelegate.swift */; };
		00C8EF8E297C07930040C6D9 /* SceneDelegate.swift in Sources */ = {isa = PBXBuildFile; fileRef = 00C8EF8D297C07930040C6D9 /* SceneDelegate.swift */; };
		00C8EF95297C07940040C6D9 /* Assets.xcassets in Resources */ = {isa = PBXBuildFile; fileRef = 00C8EF94297C07940040C6D9 /* Assets.xcassets */; };
		00C8EF98297C07940040C6D9 /* LaunchScreen.storyboard in Resources */ = {isa = PBXBuildFile; fileRef = 00C8EF96297C07940040C6D9 /* LaunchScreen.storyboard */; };
		9D0676D9297C41AE00A6355A /* ModelsViewController.swift in Sources */ = {isa = PBXBuildFile; fileRef = 9D0676D8297C41AE00A6355A /* ModelsViewController.swift */; };
		9D0676E1297C424B00A6355A /* ModelsPresenter.swift in Sources */ = {isa = PBXBuildFile; fileRef = 9D0676E0297C424B00A6355A /* ModelsPresenter.swift */; };
		9D0676E5297C52CE00A6355A /* AssemblyModuleBuilder.swift in Sources */ = {isa = PBXBuildFile; fileRef = 9D0676E4297C52CE00A6355A /* AssemblyModuleBuilder.swift */; };
		9D0676E7297C55DE00A6355A /* DataProvider.swift in Sources */ = {isa = PBXBuildFile; fileRef = 9D0676E6297C55DE00A6355A /* DataProvider.swift */; };
		9D0676E9297C622800A6355A /* ArchitectureTableCell.swift in Sources */ = {isa = PBXBuildFile; fileRef = 9D0676E8297C622800A6355A /* ArchitectureTableCell.swift */; };
		9D0676F3297D751100A6355A /* DetailViewController.swift in Sources */ = {isa = PBXBuildFile; fileRef = 9D0676F2297D751100A6355A /* DetailViewController.swift */; };
		9D0676F5297D757E00A6355A /* DetailPresenter.swift in Sources */ = {isa = PBXBuildFile; fileRef = 9D0676F4297D757E00A6355A /* DetailPresenter.swift */; };
		9D0676F7297D803F00A6355A /* Router.swift in Sources */ = {isa = PBXBuildFile; fileRef = 9D0676F6297D803F00A6355A /* Router.swift */; };
		9D0676FD297D971500A6355A /* DetailViewController.xib in Resources */ = {isa = PBXBuildFile; fileRef = 9D0676FB297D971500A6355A /* DetailViewController.xib */; };
		9D067701297ECAE000A6355A /* AboutUsViewController.swift in Sources */ = {isa = PBXBuildFile; fileRef = 9D0676FF297ECAE000A6355A /* AboutUsViewController.swift */; };
		9D067702297ECAE000A6355A /* AboutUsViewController.xib in Resources */ = {isa = PBXBuildFile; fileRef = 9D067700297ECAE000A6355A /* AboutUsViewController.xib */; };
		9D067707297ECC0200A6355A /* AboutUs.swift in Sources */ = {isa = PBXBuildFile; fileRef = 9D067706297ECC0200A6355A /* AboutUs.swift */; };
		9D067709297ECC1200A6355A /* AboutUsPresenter.swift in Sources */ = {isa = PBXBuildFile; fileRef = 9D067708297ECC1200A6355A /* AboutUsPresenter.swift */; };
		9D06770C297EF0DB00A6355A /* CustomTabBar.swift in Sources */ = {isa = PBXBuildFile; fileRef = 9D06770B297EF0DB00A6355A /* CustomTabBar.swift */; };
		9D067711298046DE00A6355A /* ScreenSelectorView.swift in Sources */ = {isa = PBXBuildFile; fileRef = 9D067710298046DE00A6355A /* ScreenSelectorView.swift */; };
		9D06771429804B3F00A6355A /* ScreenSelectorPresenter.swift in Sources */ = {isa = PBXBuildFile; fileRef = 9D06771329804B3F00A6355A /* ScreenSelectorPresenter.swift */; };
		9D0677172980559A00A6355A /* TabBarItem.swift in Sources */ = {isa = PBXBuildFile; fileRef = 9D0677162980559A00A6355A /* TabBarItem.swift */; };
		9D06777D2982E1A600A6355A /* 3DSceneViewController.swift in Sources */ = {isa = PBXBuildFile; fileRef = 9D06777C2982E1A600A6355A /* 3DSceneViewController.swift */; };
		9D06777F2982E1BA00A6355A /* 3DScenePresenter.swift in Sources */ = {isa = PBXBuildFile; fileRef = 9D06777E2982E1BA00A6355A /* 3DScenePresenter.swift */; };
		9D21D3A829995C11003E55B2 /* ModelsViewController.xib in Resources */ = {isa = PBXBuildFile; fileRef = 9D21D3A729995C11003E55B2 /* ModelsViewController.xib */; };
		9D21D3AA299A3C6E003E55B2 /* GoogleService-Info.plist in Resources */ = {isa = PBXBuildFile; fileRef = 9D21D3A9299A3C6E003E55B2 /* GoogleService-Info.plist */; };
		9D21D3B8299A6500003E55B2 /* AuthPresenter.swift in Sources */ = {isa = PBXBuildFile; fileRef = 9D21D3B7299A6500003E55B2 /* AuthPresenter.swift */; };
		9D21D3BA299A668D003E55B2 /* AuthViewController.swift in Sources */ = {isa = PBXBuildFile; fileRef = 9D21D3B9299A668D003E55B2 /* AuthViewController.swift */; };
		9D21D3BD299A73DA003E55B2 /* FirebaseAuth.swift in Sources */ = {isa = PBXBuildFile; fileRef = 9D21D3BC299A73DA003E55B2 /* FirebaseAuth.swift */; };
		9D21D3BF299A7412003E55B2 /* FirestoreDB.swift in Sources */ = {isa = PBXBuildFile; fileRef = 9D21D3BE299A7412003E55B2 /* FirestoreDB.swift */; };
		9D21D3C2299B93DE003E55B2 /* FirebaseAuth in Frameworks */ = {isa = PBXBuildFile; productRef = 9D21D3C1299B93DE003E55B2 /* FirebaseAuth */; };
		9D21D3C4299B93DE003E55B2 /* FirebaseDatabaseSwift in Frameworks */ = {isa = PBXBuildFile; productRef = 9D21D3C3299B93DE003E55B2 /* FirebaseDatabaseSwift */; };
		9D21D3C6299B93DE003E55B2 /* FirebaseFirestoreSwift in Frameworks */ = {isa = PBXBuildFile; productRef = 9D21D3C5299B93DE003E55B2 /* FirebaseFirestoreSwift */; };
		9D21D3C8299B93DE003E55B2 /* FirebaseStorage in Frameworks */ = {isa = PBXBuildFile; productRef = 9D21D3C7299B93DE003E55B2 /* FirebaseStorage */; };
		9D21D3CA299BE156003E55B2 /* UserInfoView.swift in Sources */ = {isa = PBXBuildFile; fileRef = 9D21D3C9299BE156003E55B2 /* UserInfoView.swift */; };
		9D48DE7629893AE4003531B5 /* JSONDataStructures.swift in Sources */ = {isa = PBXBuildFile; fileRef = 9D48DE7529893AE4003531B5 /* JSONDataStructures.swift */; };
		9D48DE7929893FD3003531B5 /* SketchfabAPI.swift in Sources */ = {isa = PBXBuildFile; fileRef = 9D48DE7829893FD3003531B5 /* SketchfabAPI.swift */; };
		9D48DE7D298BE9AB003531B5 /* NetworkService.swift in Sources */ = {isa = PBXBuildFile; fileRef = 9D48DE7C298BE9AB003531B5 /* NetworkService.swift */; };
		9D48DE86298FAC7A003531B5 /* Architecture.xcdatamodeld in Sources */ = {isa = PBXBuildFile; fileRef = 9D48DE84298FAC7A003531B5 /* Architecture.xcdatamodeld */; };
		9D48DE88298FBA42003531B5 /* CoreDataStack.swift in Sources */ = {isa = PBXBuildFile; fileRef = 9D48DE87298FBA42003531B5 /* CoreDataStack.swift */; };
		9D719288299923D100406D91 /* ModelsNavigationController.swift in Sources */ = {isa = PBXBuildFile; fileRef = 9D719287299923D100406D91 /* ModelsNavigationController.swift */; };
		9D71928A2999415600406D91 /* SettingsNavigationController.swift in Sources */ = {isa = PBXBuildFile; fileRef = 9D7192892999415600406D91 /* SettingsNavigationController.swift */; };
		9D7C845F29928FA2003065F5 /* Architecture+CoreDataClass.swift in Sources */ = {isa = PBXBuildFile; fileRef = 9D7C845D29928FA2003065F5 /* Architecture+CoreDataClass.swift */; };
		9D7C846029928FA2003065F5 /* Architecture+CoreDataProperties.swift in Sources */ = {isa = PBXBuildFile; fileRef = 9D7C845E29928FA2003065F5 /* Architecture+CoreDataProperties.swift */; };
		9D7C84622993FE41003065F5 /* Download.swift in Sources */ = {isa = PBXBuildFile; fileRef = 9D7C84612993FE41003065F5 /* Download.swift */; };
		9D7C846629954619003065F5 /* UITapAndPanGestureRecognizer.swift in Sources */ = {isa = PBXBuildFile; fileRef = 9D7C846529954619003065F5 /* UITapAndPanGestureRecognizer.swift */; };
		9D7C846E29965A07003065F5 /* AboutUsTableViewCell.swift in Sources */ = {isa = PBXBuildFile; fileRef = 9D7C8469299656C4003065F5 /* AboutUsTableViewCell.swift */; };
		9D80DB03299101D6007CB359 /* UIImageToDataTrasformer.swift in Sources */ = {isa = PBXBuildFile; fileRef = 9D80DB02299101D6007CB359 /* UIImageToDataTrasformer.swift */; };
		9D80DB0D299136C3007CB359 /* URLToStringTransformer.swift in Sources */ = {isa = PBXBuildFile; fileRef = 9D80DB0C299136C3007CB359 /* URLToStringTransformer.swift */; };
		9D80DB1129913A6D007CB359 /* FileManager+Extension.swift in Sources */ = {isa = PBXBuildFile; fileRef = 9D80DB1029913A6D007CB359 /* FileManager+Extension.swift */; };
		9DA8663F2997BDD8001D3949 /* 3DSceneView.swift in Sources */ = {isa = PBXBuildFile; fileRef = 9DA8663E2997BDD8001D3949 /* 3DSceneView.swift */; };
		9DA8664529991075001D3949 /* SettingsPresenter.swift in Sources */ = {isa = PBXBuildFile; fileRef = 9DA8664429991075001D3949 /* SettingsPresenter.swift */; };
		9DA86648299910A2001D3949 /* SettingsViewController.swift in Sources */ = {isa = PBXBuildFile; fileRef = 9DA86646299910A2001D3949 /* SettingsViewController.swift */; };
		9DA86649299910A2001D3949 /* SettingsViewController.xib in Resources */ = {isa = PBXBuildFile; fileRef = 9DA86647299910A2001D3949 /* SettingsViewController.xib */; };
		9DB1824F299F9EC4000F1D27 /* UITableView + Extension.swift in Sources */ = {isa = PBXBuildFile; fileRef = 9DB1824E299F9EC4000F1D27 /* UITableView + Extension.swift */; };
		9DB18251299FA04D000F1D27 /* AuthTextFieldView.swift in Sources */ = {isa = PBXBuildFile; fileRef = 9DB18250299FA04D000F1D27 /* AuthTextFieldView.swift */; };
		9DB18253299FC2A0000F1D27 /* String+Extension.swift in Sources */ = {isa = PBXBuildFile; fileRef = 9DB18252299FC2A0000F1D27 /* String+Extension.swift */; };
		9DB18256299FDB21000F1D27 /* ValidationStrings.swift in Sources */ = {isa = PBXBuildFile; fileRef = 9DB18255299FDB21000F1D27 /* ValidationStrings.swift */; };
		9DB1825A29A0DA37000F1D27 /* UIColor+Extension.swift in Sources */ = {isa = PBXBuildFile; fileRef = 9DB1825929A0DA37000F1D27 /* UIColor+Extension.swift */; };
		9DB1825C29A10DDD000F1D27 /* AuthError.swift in Sources */ = {isa = PBXBuildFile; fileRef = 9DB1825B29A10DDD000F1D27 /* AuthError.swift */; };
		9DB1825E29A25A45000F1D27 /* FirebaseUser.swift in Sources */ = {isa = PBXBuildFile; fileRef = 9DB1825D29A25A45000F1D27 /* FirebaseUser.swift */; };
		9DB7AC9329A67E970086ACBC /* AuthAlertsData.swift in Sources */ = {isa = PBXBuildFile; fileRef = 9DB7AC9229A67E970086ACBC /* AuthAlertsData.swift */; };
		9DB7AC9829A76F410086ACBC /* EmailVerificationViewController.swift in Sources */ = {isa = PBXBuildFile; fileRef = 9DB7AC9729A76F410086ACBC /* EmailVerificationViewController.swift */; };
		9DB7AC9A29A771920086ACBC /* AuthNavigationController.swift in Sources */ = {isa = PBXBuildFile; fileRef = 9DB7AC9929A771920086ACBC /* AuthNavigationController.swift */; };
		9DB7AC9C29A774AA0086ACBC /* EmailVerificationPresenter.swift in Sources */ = {isa = PBXBuildFile; fileRef = 9DB7AC9B29A774AA0086ACBC /* EmailVerificationPresenter.swift */; };
		9DB7AC9F29A7B1750086ACBC /* EnterUserDetailsPresenter.swift in Sources */ = {isa = PBXBuildFile; fileRef = 9DB7AC9E29A7B1750086ACBC /* EnterUserDetailsPresenter.swift */; };
		9DB7ACA129A7B19F0086ACBC /* EnterUserDetailsViewController.swift in Sources */ = {isa = PBXBuildFile; fileRef = 9DB7ACA029A7B19F0086ACBC /* EnterUserDetailsViewController.swift */; };
		9DFE458D299D311B002EF8E5 /* LogInButtonView.swift in Sources */ = {isa = PBXBuildFile; fileRef = 9DFE458C299D311B002EF8E5 /* LogInButtonView.swift */; };
		9DFE4593299D42D7002EF8E5 /* EditUserViewController.swift in Sources */ = {isa = PBXBuildFile; fileRef = 9DFE4592299D42D7002EF8E5 /* EditUserViewController.swift */; };
		9DFE4595299D42E8002EF8E5 /* EditUserPresenter.swift in Sources */ = {isa = PBXBuildFile; fileRef = 9DFE4594299D42E8002EF8E5 /* EditUserPresenter.swift */; };
		9DFE4597299D4A7E002EF8E5 /* HeaderView.swift in Sources */ = {isa = PBXBuildFile; fileRef = 9DFE4596299D4A7E002EF8E5 /* HeaderView.swift */; };
		9DFE4599299E2CB2002EF8E5 /* UserProfileLabelCell.swift in Sources */ = {isa = PBXBuildFile; fileRef = 9DFE4598299E2CB2002EF8E5 /* UserProfileLabelCell.swift */; };
		9DFE459B299E3EAB002EF8E5 /* UserProfileTextCell.swift in Sources */ = {isa = PBXBuildFile; fileRef = 9DFE459A299E3EAB002EF8E5 /* UserProfileTextCell.swift */; };
		9DFE459D299E4785002EF8E5 /* UserProfilePainCell.swift in Sources */ = {isa = PBXBuildFile; fileRef = 9DFE459C299E4785002EF8E5 /* UserProfilePainCell.swift */; };
		9DFF5C6729A6211200D2DDDA /* Service + Protocols.swift in Sources */ = {isa = PBXBuildFile; fileRef = 9DFF5C6629A6211200D2DDDA /* Service + Protocols.swift */; };
/* End PBXBuildFile section */

/* Begin PBXFileReference section */
		00C8EF88297C07930040C6D9 /* ArchdocApp.app */ = {isa = PBXFileReference; explicitFileType = wrapper.application; includeInIndex = 0; path = ArchdocApp.app; sourceTree = BUILT_PRODUCTS_DIR; };
		00C8EF8B297C07930040C6D9 /* AppDelegate.swift */ = {isa = PBXFileReference; lastKnownFileType = sourcecode.swift; path = AppDelegate.swift; sourceTree = "<group>"; };
		00C8EF8D297C07930040C6D9 /* SceneDelegate.swift */ = {isa = PBXFileReference; lastKnownFileType = sourcecode.swift; path = SceneDelegate.swift; sourceTree = "<group>"; };
		00C8EF94297C07940040C6D9 /* Assets.xcassets */ = {isa = PBXFileReference; lastKnownFileType = folder.assetcatalog; path = Assets.xcassets; sourceTree = "<group>"; };
		00C8EF97297C07940040C6D9 /* Base */ = {isa = PBXFileReference; lastKnownFileType = file.storyboard; name = Base; path = Base.lproj/LaunchScreen.storyboard; sourceTree = "<group>"; };
		00C8EF99297C07940040C6D9 /* Info.plist */ = {isa = PBXFileReference; lastKnownFileType = text.plist.xml; path = Info.plist; sourceTree = "<group>"; };
		9D0676D8297C41AE00A6355A /* ModelsViewController.swift */ = {isa = PBXFileReference; lastKnownFileType = sourcecode.swift; path = ModelsViewController.swift; sourceTree = "<group>"; };
		9D0676E0297C424B00A6355A /* ModelsPresenter.swift */ = {isa = PBXFileReference; lastKnownFileType = sourcecode.swift; path = ModelsPresenter.swift; sourceTree = "<group>"; };
		9D0676E4297C52CE00A6355A /* AssemblyModuleBuilder.swift */ = {isa = PBXFileReference; lastKnownFileType = sourcecode.swift; path = AssemblyModuleBuilder.swift; sourceTree = "<group>"; };
		9D0676E6297C55DE00A6355A /* DataProvider.swift */ = {isa = PBXFileReference; lastKnownFileType = sourcecode.swift; path = DataProvider.swift; sourceTree = "<group>"; };
		9D0676E8297C622800A6355A /* ArchitectureTableCell.swift */ = {isa = PBXFileReference; lastKnownFileType = sourcecode.swift; path = ArchitectureTableCell.swift; sourceTree = "<group>"; };
		9D0676F2297D751100A6355A /* DetailViewController.swift */ = {isa = PBXFileReference; lastKnownFileType = sourcecode.swift; path = DetailViewController.swift; sourceTree = "<group>"; };
		9D0676F4297D757E00A6355A /* DetailPresenter.swift */ = {isa = PBXFileReference; lastKnownFileType = sourcecode.swift; path = DetailPresenter.swift; sourceTree = "<group>"; };
		9D0676F6297D803F00A6355A /* Router.swift */ = {isa = PBXFileReference; lastKnownFileType = sourcecode.swift; path = Router.swift; sourceTree = "<group>"; };
		9D0676FB297D971500A6355A /* DetailViewController.xib */ = {isa = PBXFileReference; lastKnownFileType = file.xib; path = DetailViewController.xib; sourceTree = "<group>"; };
		9D0676FF297ECAE000A6355A /* AboutUsViewController.swift */ = {isa = PBXFileReference; lastKnownFileType = sourcecode.swift; path = AboutUsViewController.swift; sourceTree = "<group>"; };
		9D067700297ECAE000A6355A /* AboutUsViewController.xib */ = {isa = PBXFileReference; lastKnownFileType = file.xib; path = AboutUsViewController.xib; sourceTree = "<group>"; };
		9D067706297ECC0200A6355A /* AboutUs.swift */ = {isa = PBXFileReference; lastKnownFileType = sourcecode.swift; path = AboutUs.swift; sourceTree = "<group>"; };
		9D067708297ECC1200A6355A /* AboutUsPresenter.swift */ = {isa = PBXFileReference; lastKnownFileType = sourcecode.swift; path = AboutUsPresenter.swift; sourceTree = "<group>"; };
		9D06770B297EF0DB00A6355A /* CustomTabBar.swift */ = {isa = PBXFileReference; lastKnownFileType = sourcecode.swift; path = CustomTabBar.swift; sourceTree = "<group>"; };
		9D067710298046DE00A6355A /* ScreenSelectorView.swift */ = {isa = PBXFileReference; lastKnownFileType = sourcecode.swift; path = ScreenSelectorView.swift; sourceTree = "<group>"; };
		9D06771329804B3F00A6355A /* ScreenSelectorPresenter.swift */ = {isa = PBXFileReference; lastKnownFileType = sourcecode.swift; path = ScreenSelectorPresenter.swift; sourceTree = "<group>"; };
		9D0677162980559A00A6355A /* TabBarItem.swift */ = {isa = PBXFileReference; lastKnownFileType = sourcecode.swift; path = TabBarItem.swift; sourceTree = "<group>"; };
		9D06777C2982E1A600A6355A /* 3DSceneViewController.swift */ = {isa = PBXFileReference; lastKnownFileType = sourcecode.swift; path = 3DSceneViewController.swift; sourceTree = "<group>"; };
		9D06777E2982E1BA00A6355A /* 3DScenePresenter.swift */ = {isa = PBXFileReference; lastKnownFileType = sourcecode.swift; path = 3DScenePresenter.swift; sourceTree = "<group>"; };
		9D21D3A729995C11003E55B2 /* ModelsViewController.xib */ = {isa = PBXFileReference; fileEncoding = 4; lastKnownFileType = file.xib; path = ModelsViewController.xib; sourceTree = "<group>"; };
		9D21D3A9299A3C6E003E55B2 /* GoogleService-Info.plist */ = {isa = PBXFileReference; fileEncoding = 4; lastKnownFileType = text.plist.xml; path = "GoogleService-Info.plist"; sourceTree = "<group>"; };
		9D21D3B7299A6500003E55B2 /* AuthPresenter.swift */ = {isa = PBXFileReference; lastKnownFileType = sourcecode.swift; path = AuthPresenter.swift; sourceTree = "<group>"; };
		9D21D3B9299A668D003E55B2 /* AuthViewController.swift */ = {isa = PBXFileReference; lastKnownFileType = sourcecode.swift; path = AuthViewController.swift; sourceTree = "<group>"; };
		9D21D3BC299A73DA003E55B2 /* FirebaseAuth.swift */ = {isa = PBXFileReference; lastKnownFileType = sourcecode.swift; path = FirebaseAuth.swift; sourceTree = "<group>"; };
		9D21D3BE299A7412003E55B2 /* FirestoreDB.swift */ = {isa = PBXFileReference; lastKnownFileType = sourcecode.swift; path = FirestoreDB.swift; sourceTree = "<group>"; };
		9D21D3C9299BE156003E55B2 /* UserInfoView.swift */ = {isa = PBXFileReference; lastKnownFileType = sourcecode.swift; path = UserInfoView.swift; sourceTree = "<group>"; };
		9D48DE7529893AE4003531B5 /* JSONDataStructures.swift */ = {isa = PBXFileReference; lastKnownFileType = sourcecode.swift; path = JSONDataStructures.swift; sourceTree = "<group>"; };
		9D48DE7829893FD3003531B5 /* SketchfabAPI.swift */ = {isa = PBXFileReference; lastKnownFileType = sourcecode.swift; path = SketchfabAPI.swift; sourceTree = "<group>"; };
		9D48DE7C298BE9AB003531B5 /* NetworkService.swift */ = {isa = PBXFileReference; lastKnownFileType = sourcecode.swift; path = NetworkService.swift; sourceTree = "<group>"; };
		9D48DE85298FAC7A003531B5 /* Architecture.xcdatamodel */ = {isa = PBXFileReference; lastKnownFileType = wrapper.xcdatamodel; path = Architecture.xcdatamodel; sourceTree = "<group>"; };
		9D48DE87298FBA42003531B5 /* CoreDataStack.swift */ = {isa = PBXFileReference; lastKnownFileType = sourcecode.swift; path = CoreDataStack.swift; sourceTree = "<group>"; };
		9D719287299923D100406D91 /* ModelsNavigationController.swift */ = {isa = PBXFileReference; lastKnownFileType = sourcecode.swift; path = ModelsNavigationController.swift; sourceTree = "<group>"; };
		9D7192892999415600406D91 /* SettingsNavigationController.swift */ = {isa = PBXFileReference; lastKnownFileType = sourcecode.swift; path = SettingsNavigationController.swift; sourceTree = "<group>"; };
		9D7C845D29928FA2003065F5 /* Architecture+CoreDataClass.swift */ = {isa = PBXFileReference; lastKnownFileType = sourcecode.swift; path = "Architecture+CoreDataClass.swift"; sourceTree = "<group>"; };
		9D7C845E29928FA2003065F5 /* Architecture+CoreDataProperties.swift */ = {isa = PBXFileReference; lastKnownFileType = sourcecode.swift; path = "Architecture+CoreDataProperties.swift"; sourceTree = "<group>"; };
		9D7C84612993FE41003065F5 /* Download.swift */ = {isa = PBXFileReference; lastKnownFileType = sourcecode.swift; path = Download.swift; sourceTree = "<group>"; };
		9D7C846529954619003065F5 /* UITapAndPanGestureRecognizer.swift */ = {isa = PBXFileReference; lastKnownFileType = sourcecode.swift; path = UITapAndPanGestureRecognizer.swift; sourceTree = "<group>"; };
		9D7C8469299656C4003065F5 /* AboutUsTableViewCell.swift */ = {isa = PBXFileReference; lastKnownFileType = sourcecode.swift; path = AboutUsTableViewCell.swift; sourceTree = "<group>"; };
		9D80DB02299101D6007CB359 /* UIImageToDataTrasformer.swift */ = {isa = PBXFileReference; lastKnownFileType = sourcecode.swift; path = UIImageToDataTrasformer.swift; sourceTree = "<group>"; };
		9D80DB0C299136C3007CB359 /* URLToStringTransformer.swift */ = {isa = PBXFileReference; lastKnownFileType = sourcecode.swift; path = URLToStringTransformer.swift; sourceTree = "<group>"; };
		9D80DB1029913A6D007CB359 /* FileManager+Extension.swift */ = {isa = PBXFileReference; lastKnownFileType = sourcecode.swift; path = "FileManager+Extension.swift"; sourceTree = "<group>"; };
		9DA8663E2997BDD8001D3949 /* 3DSceneView.swift */ = {isa = PBXFileReference; lastKnownFileType = sourcecode.swift; path = 3DSceneView.swift; sourceTree = "<group>"; };
		9DA8664429991075001D3949 /* SettingsPresenter.swift */ = {isa = PBXFileReference; lastKnownFileType = sourcecode.swift; path = SettingsPresenter.swift; sourceTree = "<group>"; };
		9DA86646299910A2001D3949 /* SettingsViewController.swift */ = {isa = PBXFileReference; lastKnownFileType = sourcecode.swift; path = SettingsViewController.swift; sourceTree = "<group>"; };
		9DA86647299910A2001D3949 /* SettingsViewController.xib */ = {isa = PBXFileReference; lastKnownFileType = file.xib; path = SettingsViewController.xib; sourceTree = "<group>"; };
		9DB1824E299F9EC4000F1D27 /* UITableView + Extension.swift */ = {isa = PBXFileReference; lastKnownFileType = sourcecode.swift; path = "UITableView + Extension.swift"; sourceTree = "<group>"; };
		9DB18250299FA04D000F1D27 /* AuthTextFieldView.swift */ = {isa = PBXFileReference; lastKnownFileType = sourcecode.swift; path = AuthTextFieldView.swift; sourceTree = "<group>"; };
		9DB18252299FC2A0000F1D27 /* String+Extension.swift */ = {isa = PBXFileReference; lastKnownFileType = sourcecode.swift; path = "String+Extension.swift"; sourceTree = "<group>"; };
		9DB18255299FDB21000F1D27 /* ValidationStrings.swift */ = {isa = PBXFileReference; lastKnownFileType = sourcecode.swift; path = ValidationStrings.swift; sourceTree = "<group>"; };
		9DB1825929A0DA37000F1D27 /* UIColor+Extension.swift */ = {isa = PBXFileReference; lastKnownFileType = sourcecode.swift; path = "UIColor+Extension.swift"; sourceTree = "<group>"; };
		9DB1825B29A10DDD000F1D27 /* AuthError.swift */ = {isa = PBXFileReference; lastKnownFileType = sourcecode.swift; path = AuthError.swift; sourceTree = "<group>"; };
		9DB1825D29A25A45000F1D27 /* FirebaseUser.swift */ = {isa = PBXFileReference; lastKnownFileType = sourcecode.swift; path = FirebaseUser.swift; sourceTree = "<group>"; };
		9DB7AC9229A67E970086ACBC /* AuthAlertsData.swift */ = {isa = PBXFileReference; lastKnownFileType = sourcecode.swift; path = AuthAlertsData.swift; sourceTree = "<group>"; };
		9DB7AC9729A76F410086ACBC /* EmailVerificationViewController.swift */ = {isa = PBXFileReference; lastKnownFileType = sourcecode.swift; path = EmailVerificationViewController.swift; sourceTree = "<group>"; };
		9DB7AC9929A771920086ACBC /* AuthNavigationController.swift */ = {isa = PBXFileReference; lastKnownFileType = sourcecode.swift; path = AuthNavigationController.swift; sourceTree = "<group>"; };
		9DB7AC9B29A774AA0086ACBC /* EmailVerificationPresenter.swift */ = {isa = PBXFileReference; lastKnownFileType = sourcecode.swift; path = EmailVerificationPresenter.swift; sourceTree = "<group>"; };
		9DB7AC9E29A7B1750086ACBC /* EnterUserDetailsPresenter.swift */ = {isa = PBXFileReference; lastKnownFileType = sourcecode.swift; path = EnterUserDetailsPresenter.swift; sourceTree = "<group>"; };
		9DB7ACA029A7B19F0086ACBC /* EnterUserDetailsViewController.swift */ = {isa = PBXFileReference; lastKnownFileType = sourcecode.swift; path = EnterUserDetailsViewController.swift; sourceTree = "<group>"; };
		9DFE458C299D311B002EF8E5 /* LogInButtonView.swift */ = {isa = PBXFileReference; lastKnownFileType = sourcecode.swift; path = LogInButtonView.swift; sourceTree = "<group>"; };
		9DFE4592299D42D7002EF8E5 /* EditUserViewController.swift */ = {isa = PBXFileReference; lastKnownFileType = sourcecode.swift; path = EditUserViewController.swift; sourceTree = "<group>"; };
		9DFE4594299D42E8002EF8E5 /* EditUserPresenter.swift */ = {isa = PBXFileReference; lastKnownFileType = sourcecode.swift; path = EditUserPresenter.swift; sourceTree = "<group>"; };
		9DFE4596299D4A7E002EF8E5 /* HeaderView.swift */ = {isa = PBXFileReference; lastKnownFileType = sourcecode.swift; path = HeaderView.swift; sourceTree = "<group>"; };
		9DFE4598299E2CB2002EF8E5 /* UserProfileLabelCell.swift */ = {isa = PBXFileReference; lastKnownFileType = sourcecode.swift; path = UserProfileLabelCell.swift; sourceTree = "<group>"; };
		9DFE459A299E3EAB002EF8E5 /* UserProfileTextCell.swift */ = {isa = PBXFileReference; lastKnownFileType = sourcecode.swift; path = UserProfileTextCell.swift; sourceTree = "<group>"; };
		9DFE459C299E4785002EF8E5 /* UserProfilePainCell.swift */ = {isa = PBXFileReference; lastKnownFileType = sourcecode.swift; path = UserProfilePainCell.swift; sourceTree = "<group>"; };
		9DFF5C6629A6211200D2DDDA /* Service + Protocols.swift */ = {isa = PBXFileReference; lastKnownFileType = sourcecode.swift; path = "Service + Protocols.swift"; sourceTree = "<group>"; };
/* End PBXFileReference section */

/* Begin PBXFrameworksBuildPhase section */
		00C8EF85297C07930040C6D9 /* Frameworks */ = {
			isa = PBXFrameworksBuildPhase;
			buildActionMask = 2147483647;
			files = (
				9D21D3C4299B93DE003E55B2 /* FirebaseDatabaseSwift in Frameworks */,
				9D21D3C8299B93DE003E55B2 /* FirebaseStorage in Frameworks */,
				9D21D3C2299B93DE003E55B2 /* FirebaseAuth in Frameworks */,
				9D21D3C6299B93DE003E55B2 /* FirebaseFirestoreSwift in Frameworks */,
			);
			runOnlyForDeploymentPostprocessing = 0;
		};
/* End PBXFrameworksBuildPhase section */

/* Begin PBXGroup section */
		00C8EF7F297C07930040C6D9 = {
			isa = PBXGroup;
			children = (
				00C8EF8A297C07930040C6D9 /* ArchdocApp */,
				00C8EF89297C07930040C6D9 /* Products */,
			);
			sourceTree = "<group>";
		};
		00C8EF89297C07930040C6D9 /* Products */ = {
			isa = PBXGroup;
			children = (
				00C8EF88297C07930040C6D9 /* ArchdocApp.app */,
			);
			name = Products;
			sourceTree = "<group>";
		};
		00C8EF8A297C07930040C6D9 /* ArchdocApp */ = {
			isa = PBXGroup;
			children = (
				00C8EF8B297C07930040C6D9 /* AppDelegate.swift */,
				00C8EF8D297C07930040C6D9 /* SceneDelegate.swift */,
				9D06775129827DCA00A6355A /* Services */,
				9D06770D2980464800A6355A /* ScreenSelectorModule */,
				9D0676DA297C41B400A6355A /* ModelsModule */,
				9D0676EC297D73F800A6355A /* DetailModule */,
				9D0677792982E10100A6355A /* 3DSceneModule */,
				9DA866402999101A001D3949 /* SettingsModule */,
				9DFE458F299D4283002EF8E5 /* EditUserModule */,
				9D21D3B4299A6481003E55B2 /* AuthModule */,
				9DB7AC9429A76E820086ACBC /* EmailVerificationModule */,
				9DB7AC9D29A7B0BF0086ACBC /* EnterUserInfoModule */,
				9D0676FE297ECAB500A6355A /* AboutUsModule */,
				9DB1825829A0DA05000F1D27 /* ArchDoc+Extensions */,
				00C8EF94297C07940040C6D9 /* Assets.xcassets */,
				00C8EF96297C07940040C6D9 /* LaunchScreen.storyboard */,
				00C8EF99297C07940040C6D9 /* Info.plist */,
				9D21D3A9299A3C6E003E55B2 /* GoogleService-Info.plist */,
			);
			path = ArchdocApp;
			sourceTree = "<group>";
		};
		9D0676DA297C41B400A6355A /* ModelsModule */ = {
			isa = PBXGroup;
			children = (
				9D0676DC297C41DD00A6355A /* ModelsView */,
				9D0676DD297C41E200A6355A /* ModelsPresenter */,
			);
			path = ModelsModule;
			sourceTree = "<group>";
		};
		9D0676DC297C41DD00A6355A /* ModelsView */ = {
			isa = PBXGroup;
			children = (
				9D719287299923D100406D91 /* ModelsNavigationController.swift */,
				9D0676EB297C626600A6355A /* ArchitectureTableCell */,
				9D0676D8297C41AE00A6355A /* ModelsViewController.swift */,
				9D21D3A729995C11003E55B2 /* ModelsViewController.xib */,
			);
			path = ModelsView;
			sourceTree = "<group>";
		};
		9D0676DD297C41E200A6355A /* ModelsPresenter */ = {
			isa = PBXGroup;
			children = (
				9D0676E0297C424B00A6355A /* ModelsPresenter.swift */,
			);
			path = ModelsPresenter;
			sourceTree = "<group>";
		};
		9D0676EB297C626600A6355A /* ArchitectureTableCell */ = {
			isa = PBXGroup;
			children = (
				9D0676E8297C622800A6355A /* ArchitectureTableCell.swift */,
			);
			path = ArchitectureTableCell;
			sourceTree = "<group>";
		};
		9D0676EC297D73F800A6355A /* DetailModule */ = {
			isa = PBXGroup;
			children = (
				9D0676ED297D740500A6355A /* DetailView */,
				9D0676F1297D748600A6355A /* DetailPresenter */,
			);
			path = DetailModule;
			sourceTree = "<group>";
		};
		9D0676ED297D740500A6355A /* DetailView */ = {
			isa = PBXGroup;
			children = (
				9D0676F2297D751100A6355A /* DetailViewController.swift */,
				9D0676FB297D971500A6355A /* DetailViewController.xib */,
			);
			path = DetailView;
			sourceTree = "<group>";
		};
		9D0676F1297D748600A6355A /* DetailPresenter */ = {
			isa = PBXGroup;
			children = (
				9D0676F4297D757E00A6355A /* DetailPresenter.swift */,
			);
			path = DetailPresenter;
			sourceTree = "<group>";
		};
		9D0676FE297ECAB500A6355A /* AboutUsModule */ = {
			isa = PBXGroup;
			children = (
				9D067705297ECB2D00A6355A /* AboutUsModel */,
				9D067703297ECAE900A6355A /* AboutUsVeiw */,
				9D067704297ECB2300A6355A /* AboutUsPresenter */,
			);
			path = AboutUsModule;
			sourceTree = "<group>";
		};
		9D067703297ECAE900A6355A /* AboutUsVeiw */ = {
			isa = PBXGroup;
			children = (
				9D7C846D299656CE003065F5 /* AboutUsTableCell */,
				9D0676FF297ECAE000A6355A /* AboutUsViewController.swift */,
				9D067700297ECAE000A6355A /* AboutUsViewController.xib */,
			);
			path = AboutUsVeiw;
			sourceTree = "<group>";
		};
		9D067704297ECB2300A6355A /* AboutUsPresenter */ = {
			isa = PBXGroup;
			children = (
				9D067708297ECC1200A6355A /* AboutUsPresenter.swift */,
			);
			path = AboutUsPresenter;
			sourceTree = "<group>";
		};
		9D067705297ECB2D00A6355A /* AboutUsModel */ = {
			isa = PBXGroup;
			children = (
				9D067706297ECC0200A6355A /* AboutUs.swift */,
			);
			path = AboutUsModel;
			sourceTree = "<group>";
		};
		9D06770A297EEFCE00A6355A /* CustomTabBar */ = {
			isa = PBXGroup;
			children = (
				9D06770B297EF0DB00A6355A /* CustomTabBar.swift */,
			);
			path = CustomTabBar;
			sourceTree = "<group>";
		};
		9D06770D2980464800A6355A /* ScreenSelectorModule */ = {
			isa = PBXGroup;
			children = (
				9D0677152980556C00A6355A /* ScreenSelectorModel */,
				9D06770E2980466E00A6355A /* ScreenSlectorView */,
				9D06770F2980469C00A6355A /* ScreenSelectorPresenter */,
			);
			path = ScreenSelectorModule;
			sourceTree = "<group>";
		};
		9D06770E2980466E00A6355A /* ScreenSlectorView */ = {
			isa = PBXGroup;
			children = (
				9D067710298046DE00A6355A /* ScreenSelectorView.swift */,
				9D06770A297EEFCE00A6355A /* CustomTabBar */,
			);
			path = ScreenSlectorView;
			sourceTree = "<group>";
		};
		9D06770F2980469C00A6355A /* ScreenSelectorPresenter */ = {
			isa = PBXGroup;
			children = (
				9D06771329804B3F00A6355A /* ScreenSelectorPresenter.swift */,
			);
			path = ScreenSelectorPresenter;
			sourceTree = "<group>";
		};
		9D0677152980556C00A6355A /* ScreenSelectorModel */ = {
			isa = PBXGroup;
			children = (
				9D0677162980559A00A6355A /* TabBarItem.swift */,
			);
			path = ScreenSelectorModel;
			sourceTree = "<group>";
		};
		9D06775129827DCA00A6355A /* Services */ = {
			isa = PBXGroup;
			children = (
				9D0676E4297C52CE00A6355A /* AssemblyModuleBuilder.swift */,
				9D0676F6297D803F00A6355A /* Router.swift */,
				9DFF5C6629A6211200D2DDDA /* Service + Protocols.swift */,
				9D21D3BB299A73B4003E55B2 /* FirebaseAPI */,
				9D48DE8A298FBAA4003531B5 /* DataProvider */,
			);
			path = Services;
			sourceTree = "<group>";
		};
		9D0677792982E10100A6355A /* 3DSceneModule */ = {
			isa = PBXGroup;
			children = (
				9D06777B2982E14900A6355A /* 3DSceneView */,
				9D06777A2982E13500A6355A /* 3DScenePresenter */,
			);
			path = 3DSceneModule;
			sourceTree = "<group>";
		};
		9D06777A2982E13500A6355A /* 3DScenePresenter */ = {
			isa = PBXGroup;
			children = (
				9D06777E2982E1BA00A6355A /* 3DScenePresenter.swift */,
			);
			path = 3DScenePresenter;
			sourceTree = "<group>";
		};
		9D06777B2982E14900A6355A /* 3DSceneView */ = {
			isa = PBXGroup;
			children = (
				9D06777C2982E1A600A6355A /* 3DSceneViewController.swift */,
				9DA8663E2997BDD8001D3949 /* 3DSceneView.swift */,
			);
			path = 3DSceneView;
			sourceTree = "<group>";
		};
		9D21D3B4299A6481003E55B2 /* AuthModule */ = {
			isa = PBXGroup;
			children = (
				9DB7AC9929A771920086ACBC /* AuthNavigationController.swift */,
				9DB18254299FDB03000F1D27 /* AuthModel */,
				9D21D3B5299A64A0003E55B2 /* AuthView */,
				9D21D3B6299A64B5003E55B2 /* AuthPresenter */,
			);
			path = AuthModule;
			sourceTree = "<group>";
		};
		9D21D3B5299A64A0003E55B2 /* AuthView */ = {
			isa = PBXGroup;
			children = (
				9DB18250299FA04D000F1D27 /* AuthTextFieldView.swift */,
				9D21D3B9299A668D003E55B2 /* AuthViewController.swift */,
			);
			path = AuthView;
			sourceTree = "<group>";
		};
		9D21D3B6299A64B5003E55B2 /* AuthPresenter */ = {
			isa = PBXGroup;
			children = (
				9D21D3B7299A6500003E55B2 /* AuthPresenter.swift */,
			);
			path = AuthPresenter;
			sourceTree = "<group>";
		};
		9D21D3BB299A73B4003E55B2 /* FirebaseAPI */ = {
			isa = PBXGroup;
			children = (
				9DB1825B29A10DDD000F1D27 /* AuthError.swift */,
				9DB1825D29A25A45000F1D27 /* FirebaseUser.swift */,
				9D21D3BC299A73DA003E55B2 /* FirebaseAuth.swift */,
				9D21D3BE299A7412003E55B2 /* FirestoreDB.swift */,
			);
			path = FirebaseAPI;
			sourceTree = "<group>";
		};
		9D48DE7729893B2C003531B5 /* Networking */ = {
			isa = PBXGroup;
			children = (
				9D48DE7C298BE9AB003531B5 /* NetworkService.swift */,
				9D7C84612993FE41003065F5 /* Download.swift */,
			);
			path = Networking;
			sourceTree = "<group>";
		};
		9D48DE7A298ADEB9003531B5 /* SketchfabAPI */ = {
			isa = PBXGroup;
			children = (
				9D48DE7529893AE4003531B5 /* JSONDataStructures.swift */,
				9D48DE7829893FD3003531B5 /* SketchfabAPI.swift */,
			);
			path = SketchfabAPI;
			sourceTree = "<group>";
		};
		9D48DE8A298FBAA4003531B5 /* DataProvider */ = {
			isa = PBXGroup;
			children = (
				9D0676E6297C55DE00A6355A /* DataProvider.swift */,
				9D48DE8B298FBAF5003531B5 /* CoreData */,
				9D48DE7A298ADEB9003531B5 /* SketchfabAPI */,
				9D48DE7729893B2C003531B5 /* Networking */,
			);
			path = DataProvider;
			sourceTree = "<group>";
		};
		9D48DE8B298FBAF5003531B5 /* CoreData */ = {
			isa = PBXGroup;
			children = (
				9D48DE87298FBA42003531B5 /* CoreDataStack.swift */,
				9D80DB0E299136FF007CB359 /* DataModel */,
				9D80DB0F29913718007CB359 /* ValueTransformers */,
			);
			path = CoreData;
			sourceTree = "<group>";
		};
		9D7C846D299656CE003065F5 /* AboutUsTableCell */ = {
			isa = PBXGroup;
			children = (
				9D7C8469299656C4003065F5 /* AboutUsTableViewCell.swift */,
			);
			path = AboutUsTableCell;
			sourceTree = "<group>";
		};
		9D80DB0E299136FF007CB359 /* DataModel */ = {
			isa = PBXGroup;
			children = (
				9D7C845D29928FA2003065F5 /* Architecture+CoreDataClass.swift */,
				9D7C845E29928FA2003065F5 /* Architecture+CoreDataProperties.swift */,
				9D48DE84298FAC7A003531B5 /* Architecture.xcdatamodeld */,
			);
			path = DataModel;
			sourceTree = "<group>";
		};
		9D80DB0F29913718007CB359 /* ValueTransformers */ = {
			isa = PBXGroup;
			children = (
				9D80DB02299101D6007CB359 /* UIImageToDataTrasformer.swift */,
				9D80DB0C299136C3007CB359 /* URLToStringTransformer.swift */,
			);
			path = ValueTransformers;
			sourceTree = "<group>";
		};
		9DA866402999101A001D3949 /* SettingsModule */ = {
			isa = PBXGroup;
			children = (
				9D7192892999415600406D91 /* SettingsNavigationController.swift */,
				9DA866422999103F001D3949 /* SettingsView */,
				9DA8664129991029001D3949 /* SettingsPresenter */,
			);
			path = SettingsModule;
			sourceTree = "<group>";
		};
		9DA8664129991029001D3949 /* SettingsPresenter */ = {
			isa = PBXGroup;
			children = (
				9DA8664429991075001D3949 /* SettingsPresenter.swift */,
			);
			path = SettingsPresenter;
			sourceTree = "<group>";
		};
		9DA866422999103F001D3949 /* SettingsView */ = {
			isa = PBXGroup;
			children = (
				9DFE458E299D3128002EF8E5 /* SettingsHeaders */,
				9DA86646299910A2001D3949 /* SettingsViewController.swift */,
				9DA86647299910A2001D3949 /* SettingsViewController.xib */,
			);
			path = SettingsView;
			sourceTree = "<group>";
		};
		9DB18254299FDB03000F1D27 /* AuthModel */ = {
			isa = PBXGroup;
			children = (
				9DB18255299FDB21000F1D27 /* ValidationStrings.swift */,
				9DB7AC9229A67E970086ACBC /* AuthAlertsData.swift */,
			);
			path = AuthModel;
			sourceTree = "<group>";
		};
		9DB1825829A0DA05000F1D27 /* ArchDoc+Extensions */ = {
			isa = PBXGroup;
			children = (
				9D80DB1029913A6D007CB359 /* FileManager+Extension.swift */,
				9DB1825929A0DA37000F1D27 /* UIColor+Extension.swift */,
				9DB18252299FC2A0000F1D27 /* String+Extension.swift */,
				9DB1824E299F9EC4000F1D27 /* UITableView + Extension.swift */,
				9D7C846529954619003065F5 /* UITapAndPanGestureRecognizer.swift */,
			);
			path = "ArchDoc+Extensions";
			sourceTree = "<group>";
		};
		9DB7AC9429A76E820086ACBC /* EmailVerificationModule */ = {
			isa = PBXGroup;
			children = (
				9DB7AC9529A76E900086ACBC /* EmailVerificationViewController */,
				9DB7AC9629A76F080086ACBC /* EmailVerificationPresenter */,
			);
			path = EmailVerificationModule;
			sourceTree = "<group>";
		};
		9DB7AC9529A76E900086ACBC /* EmailVerificationViewController */ = {
			isa = PBXGroup;
			children = (
				9DB7AC9729A76F410086ACBC /* EmailVerificationViewController.swift */,
			);
			path = EmailVerificationViewController;
			sourceTree = "<group>";
		};
		9DB7AC9629A76F080086ACBC /* EmailVerificationPresenter */ = {
			isa = PBXGroup;
			children = (
				9DB7AC9B29A774AA0086ACBC /* EmailVerificationPresenter.swift */,
			);
			path = EmailVerificationPresenter;
			sourceTree = "<group>";
		};
		9DB7AC9D29A7B0BF0086ACBC /* EnterUserInfoModule */ = {
			isa = PBXGroup;
			children = (
				9DB7ACA329A7B1C70086ACBC /* EnterUserDetailView */,
				9DB7ACA229A7B1B80086ACBC /* EnterUserDetailPresenter */,
			);
			path = EnterUserInfoModule;
			sourceTree = "<group>";
		};
		9DB7ACA229A7B1B80086ACBC /* EnterUserDetailPresenter */ = {
			isa = PBXGroup;
			children = (
				9DB7AC9E29A7B1750086ACBC /* EnterUserDetailsPresenter.swift */,
			);
			path = EnterUserDetailPresenter;
			sourceTree = "<group>";
		};
		9DB7ACA329A7B1C70086ACBC /* EnterUserDetailView */ = {
			isa = PBXGroup;
			children = (
				9DB7ACA029A7B19F0086ACBC /* EnterUserDetailsViewController.swift */,
			);
			path = EnterUserDetailView;
			sourceTree = "<group>";
		};
		9DFE458E299D3128002EF8E5 /* SettingsHeaders */ = {
			isa = PBXGroup;
			children = (
				9D21D3C9299BE156003E55B2 /* UserInfoView.swift */,
				9DFE458C299D311B002EF8E5 /* LogInButtonView.swift */,
			);
			path = SettingsHeaders;
			sourceTree = "<group>";
		};
		9DFE458F299D4283002EF8E5 /* EditUserModule */ = {
			isa = PBXGroup;
			children = (
				9DFE4590299D42A1002EF8E5 /* EditUserViewController */,
				9DFE4591299D42B5002EF8E5 /* EditUserPresenter */,
			);
			path = EditUserModule;
			sourceTree = "<group>";
		};
		9DFE4590299D42A1002EF8E5 /* EditUserViewController */ = {
			isa = PBXGroup;
			children = (
				9DFE459E299E50F7002EF8E5 /* HelperViews */,
				9DFE4592299D42D7002EF8E5 /* EditUserViewController.swift */,
			);
			path = EditUserViewController;
			sourceTree = "<group>";
		};
		9DFE4591299D42B5002EF8E5 /* EditUserPresenter */ = {
			isa = PBXGroup;
			children = (
				9DFE4594299D42E8002EF8E5 /* EditUserPresenter.swift */,
			);
			path = EditUserPresenter;
			sourceTree = "<group>";
		};
		9DFE459E299E50F7002EF8E5 /* HelperViews */ = {
			isa = PBXGroup;
			children = (
				9DFE459A299E3EAB002EF8E5 /* UserProfileTextCell.swift */,
				9DFE4598299E2CB2002EF8E5 /* UserProfileLabelCell.swift */,
				9DFE459C299E4785002EF8E5 /* UserProfilePainCell.swift */,
				9DFE4596299D4A7E002EF8E5 /* HeaderView.swift */,
			);
			path = HelperViews;
			sourceTree = "<group>";
		};
/* End PBXGroup section */

/* Begin PBXNativeTarget section */
		00C8EF87297C07930040C6D9 /* ArchdocApp */ = {
			isa = PBXNativeTarget;
			buildConfigurationList = 00C8EF9C297C07940040C6D9 /* Build configuration list for PBXNativeTarget "ArchdocApp" */;
			buildPhases = (
				00C8EF84297C07930040C6D9 /* Sources */,
				00C8EF85297C07930040C6D9 /* Frameworks */,
				00C8EF86297C07930040C6D9 /* Resources */,
			);
			buildRules = (
			);
			dependencies = (
			);
			name = ArchdocApp;
			packageProductDependencies = (
				9D21D3C1299B93DE003E55B2 /* FirebaseAuth */,
				9D21D3C3299B93DE003E55B2 /* FirebaseDatabaseSwift */,
				9D21D3C5299B93DE003E55B2 /* FirebaseFirestoreSwift */,
				9D21D3C7299B93DE003E55B2 /* FirebaseStorage */,
			);
			productName = ArchdocApp;
			productReference = 00C8EF88297C07930040C6D9 /* ArchdocApp.app */;
			productType = "com.apple.product-type.application";
		};
/* End PBXNativeTarget section */

/* Begin PBXProject section */
		00C8EF80297C07930040C6D9 /* Project object */ = {
			isa = PBXProject;
			attributes = {
				BuildIndependentTargetsInParallel = 1;
				LastSwiftUpdateCheck = 1340;
				LastUpgradeCheck = 1340;
				TargetAttributes = {
					00C8EF87297C07930040C6D9 = {
						CreatedOnToolsVersion = 13.4.1;
					};
				};
			};
			buildConfigurationList = 00C8EF83297C07930040C6D9 /* Build configuration list for PBXProject "ArchdocApp" */;
			compatibilityVersion = "Xcode 13.0";
			developmentRegion = en;
			hasScannedForEncodings = 0;
			knownRegions = (
				en,
				Base,
			);
			mainGroup = 00C8EF7F297C07930040C6D9;
			packageReferences = (
				9D21D3C0299B93DE003E55B2 /* XCRemoteSwiftPackageReference "firebase-ios-sdk" */,
			);
			productRefGroup = 00C8EF89297C07930040C6D9 /* Products */;
			projectDirPath = "";
			projectRoot = "";
			targets = (
				00C8EF87297C07930040C6D9 /* ArchdocApp */,
			);
		};
/* End PBXProject section */

/* Begin PBXResourcesBuildPhase section */
		00C8EF86297C07930040C6D9 /* Resources */ = {
			isa = PBXResourcesBuildPhase;
			buildActionMask = 2147483647;
			files = (
				9D21D3A829995C11003E55B2 /* ModelsViewController.xib in Resources */,
				9D067702297ECAE000A6355A /* AboutUsViewController.xib in Resources */,
				9DA86649299910A2001D3949 /* SettingsViewController.xib in Resources */,
				00C8EF98297C07940040C6D9 /* LaunchScreen.storyboard in Resources */,
				00C8EF95297C07940040C6D9 /* Assets.xcassets in Resources */,
				9D0676FD297D971500A6355A /* DetailViewController.xib in Resources */,
				9D21D3AA299A3C6E003E55B2 /* GoogleService-Info.plist in Resources */,
			);
			runOnlyForDeploymentPostprocessing = 0;
		};
/* End PBXResourcesBuildPhase section */

/* Begin PBXSourcesBuildPhase section */
		00C8EF84297C07930040C6D9 /* Sources */ = {
			isa = PBXSourcesBuildPhase;
			buildActionMask = 2147483647;
			files = (
				9DB7AC9C29A774AA0086ACBC /* EmailVerificationPresenter.swift in Sources */,
				9DB18251299FA04D000F1D27 /* AuthTextFieldView.swift in Sources */,
				9D7C846E29965A07003065F5 /* AboutUsTableViewCell.swift in Sources */,
				9D0676F7297D803F00A6355A /* Router.swift in Sources */,
				9DB7ACA129A7B19F0086ACBC /* EnterUserDetailsViewController.swift in Sources */,
				9DB1825A29A0DA37000F1D27 /* UIColor+Extension.swift in Sources */,
				9D06770C297EF0DB00A6355A /* CustomTabBar.swift in Sources */,
				9DB1824F299F9EC4000F1D27 /* UITableView + Extension.swift in Sources */,
				9D71928A2999415600406D91 /* SettingsNavigationController.swift in Sources */,
				9DA8664529991075001D3949 /* SettingsPresenter.swift in Sources */,
				9D48DE7D298BE9AB003531B5 /* NetworkService.swift in Sources */,
				9D067707297ECC0200A6355A /* AboutUs.swift in Sources */,
				9DB7AC9829A76F410086ACBC /* EmailVerificationViewController.swift in Sources */,
				9D48DE86298FAC7A003531B5 /* Architecture.xcdatamodeld in Sources */,
				9DB18253299FC2A0000F1D27 /* String+Extension.swift in Sources */,
				9D21D3CA299BE156003E55B2 /* UserInfoView.swift in Sources */,
				9DFF5C6729A6211200D2DDDA /* Service + Protocols.swift in Sources */,
				9DFE459B299E3EAB002EF8E5 /* UserProfileTextCell.swift in Sources */,
				9D0676E1297C424B00A6355A /* ModelsPresenter.swift in Sources */,
				9DB7AC9A29A771920086ACBC /* AuthNavigationController.swift in Sources */,
				9D21D3BF299A7412003E55B2 /* FirestoreDB.swift in Sources */,
				9D80DB03299101D6007CB359 /* UIImageToDataTrasformer.swift in Sources */,
				9D48DE7929893FD3003531B5 /* SketchfabAPI.swift in Sources */,
				9D21D3BA299A668D003E55B2 /* AuthViewController.swift in Sources */,
				9D0676D9297C41AE00A6355A /* ModelsViewController.swift in Sources */,
				9DB7AC9329A67E970086ACBC /* AuthAlertsData.swift in Sources */,
				9DB18256299FDB21000F1D27 /* ValidationStrings.swift in Sources */,
				9DFE4593299D42D7002EF8E5 /* EditUserViewController.swift in Sources */,
				9D80DB1129913A6D007CB359 /* FileManager+Extension.swift in Sources */,
				9D0676E7297C55DE00A6355A /* DataProvider.swift in Sources */,
				9D7C846629954619003065F5 /* UITapAndPanGestureRecognizer.swift in Sources */,
				9DA8663F2997BDD8001D3949 /* 3DSceneView.swift in Sources */,
				9DB7AC9F29A7B1750086ACBC /* EnterUserDetailsPresenter.swift in Sources */,
				9DFE4595299D42E8002EF8E5 /* EditUserPresenter.swift in Sources */,
				9DFE4597299D4A7E002EF8E5 /* HeaderView.swift in Sources */,
				9D067701297ECAE000A6355A /* AboutUsViewController.swift in Sources */,
				9D06777D2982E1A600A6355A /* 3DSceneViewController.swift in Sources */,
				9D067709297ECC1200A6355A /* AboutUsPresenter.swift in Sources */,
				9DFE459D299E4785002EF8E5 /* UserProfilePainCell.swift in Sources */,
				9D06771429804B3F00A6355A /* ScreenSelectorPresenter.swift in Sources */,
				9D0676F5297D757E00A6355A /* DetailPresenter.swift in Sources */,
				9DFE4599299E2CB2002EF8E5 /* UserProfileLabelCell.swift in Sources */,
				9D0676E5297C52CE00A6355A /* AssemblyModuleBuilder.swift in Sources */,
				00C8EF8C297C07930040C6D9 /* AppDelegate.swift in Sources */,
				9D0677172980559A00A6355A /* TabBarItem.swift in Sources */,
				9DFE458D299D311B002EF8E5 /* LogInButtonView.swift in Sources */,
				9D21D3B8299A6500003E55B2 /* AuthPresenter.swift in Sources */,
				9DB1825C29A10DDD000F1D27 /* AuthError.swift in Sources */,
				9DA86648299910A2001D3949 /* SettingsViewController.swift in Sources */,
				9D0676E9297C622800A6355A /* ArchitectureTableCell.swift in Sources */,
				9D0676F3297D751100A6355A /* DetailViewController.swift in Sources */,
				9D7C845F29928FA2003065F5 /* Architecture+CoreDataClass.swift in Sources */,
				9DB1825E29A25A45000F1D27 /* FirebaseUser.swift in Sources */,
				9D48DE88298FBA42003531B5 /* CoreDataStack.swift in Sources */,
				00C8EF8E297C07930040C6D9 /* SceneDelegate.swift in Sources */,
				9D80DB0D299136C3007CB359 /* URLToStringTransformer.swift in Sources */,
				9D06777F2982E1BA00A6355A /* 3DScenePresenter.swift in Sources */,
				9D067711298046DE00A6355A /* ScreenSelectorView.swift in Sources */,
				9D21D3BD299A73DA003E55B2 /* FirebaseAuth.swift in Sources */,
				9D7C846029928FA2003065F5 /* Architecture+CoreDataProperties.swift in Sources */,
				9D7C84622993FE41003065F5 /* Download.swift in Sources */,
				9D48DE7629893AE4003531B5 /* JSONDataStructures.swift in Sources */,
				9D719288299923D100406D91 /* ModelsNavigationController.swift in Sources */,
			);
			runOnlyForDeploymentPostprocessing = 0;
		};
/* End PBXSourcesBuildPhase section */

/* Begin PBXVariantGroup section */
		00C8EF96297C07940040C6D9 /* LaunchScreen.storyboard */ = {
			isa = PBXVariantGroup;
			children = (
				00C8EF97297C07940040C6D9 /* Base */,
			);
			name = LaunchScreen.storyboard;
			sourceTree = "<group>";
		};
/* End PBXVariantGroup section */

/* Begin XCBuildConfiguration section */
		00C8EF9A297C07940040C6D9 /* Debug */ = {
			isa = XCBuildConfiguration;
			buildSettings = {
				ALWAYS_SEARCH_USER_PATHS = NO;
				CLANG_ANALYZER_NONNULL = YES;
				CLANG_ANALYZER_NUMBER_OBJECT_CONVERSION = YES_AGGRESSIVE;
				CLANG_CXX_LANGUAGE_STANDARD = "gnu++17";
				CLANG_ENABLE_MODULES = YES;
				CLANG_ENABLE_OBJC_ARC = YES;
				CLANG_ENABLE_OBJC_WEAK = YES;
				CLANG_WARN_BLOCK_CAPTURE_AUTORELEASING = YES;
				CLANG_WARN_BOOL_CONVERSION = YES;
				CLANG_WARN_COMMA = YES;
				CLANG_WARN_CONSTANT_CONVERSION = YES;
				CLANG_WARN_DEPRECATED_OBJC_IMPLEMENTATIONS = YES;
				CLANG_WARN_DIRECT_OBJC_ISA_USAGE = YES_ERROR;
				CLANG_WARN_DOCUMENTATION_COMMENTS = YES;
				CLANG_WARN_EMPTY_BODY = YES;
				CLANG_WARN_ENUM_CONVERSION = YES;
				CLANG_WARN_INFINITE_RECURSION = YES;
				CLANG_WARN_INT_CONVERSION = YES;
				CLANG_WARN_NON_LITERAL_NULL_CONVERSION = YES;
				CLANG_WARN_OBJC_IMPLICIT_RETAIN_SELF = YES;
				CLANG_WARN_OBJC_LITERAL_CONVERSION = YES;
				CLANG_WARN_OBJC_ROOT_CLASS = YES_ERROR;
				CLANG_WARN_QUOTED_INCLUDE_IN_FRAMEWORK_HEADER = YES;
				CLANG_WARN_RANGE_LOOP_ANALYSIS = YES;
				CLANG_WARN_STRICT_PROTOTYPES = YES;
				CLANG_WARN_SUSPICIOUS_MOVE = YES;
				CLANG_WARN_UNGUARDED_AVAILABILITY = YES_AGGRESSIVE;
				CLANG_WARN_UNREACHABLE_CODE = YES;
				CLANG_WARN__DUPLICATE_METHOD_MATCH = YES;
				COPY_PHASE_STRIP = NO;
				DEBUG_INFORMATION_FORMAT = dwarf;
				ENABLE_STRICT_OBJC_MSGSEND = YES;
				ENABLE_TESTABILITY = YES;
				GCC_C_LANGUAGE_STANDARD = gnu11;
				GCC_DYNAMIC_NO_PIC = NO;
				GCC_NO_COMMON_BLOCKS = YES;
				GCC_OPTIMIZATION_LEVEL = 0;
				GCC_PREPROCESSOR_DEFINITIONS = (
					"DEBUG=1",
					"$(inherited)",
				);
				GCC_WARN_64_TO_32_BIT_CONVERSION = YES;
				GCC_WARN_ABOUT_RETURN_TYPE = YES_ERROR;
				GCC_WARN_UNDECLARED_SELECTOR = YES;
				GCC_WARN_UNINITIALIZED_AUTOS = YES_AGGRESSIVE;
				GCC_WARN_UNUSED_FUNCTION = YES;
				GCC_WARN_UNUSED_VARIABLE = YES;
				IPHONEOS_DEPLOYMENT_TARGET = 15.5;
				MTL_ENABLE_DEBUG_INFO = INCLUDE_SOURCE;
				MTL_FAST_MATH = YES;
				ONLY_ACTIVE_ARCH = YES;
				SDKROOT = iphoneos;
				SWIFT_ACTIVE_COMPILATION_CONDITIONS = DEBUG;
				SWIFT_OPTIMIZATION_LEVEL = "-Onone";
			};
			name = Debug;
		};
		00C8EF9B297C07940040C6D9 /* Release */ = {
			isa = XCBuildConfiguration;
			buildSettings = {
				ALWAYS_SEARCH_USER_PATHS = NO;
				CLANG_ANALYZER_NONNULL = YES;
				CLANG_ANALYZER_NUMBER_OBJECT_CONVERSION = YES_AGGRESSIVE;
				CLANG_CXX_LANGUAGE_STANDARD = "gnu++17";
				CLANG_ENABLE_MODULES = YES;
				CLANG_ENABLE_OBJC_ARC = YES;
				CLANG_ENABLE_OBJC_WEAK = YES;
				CLANG_WARN_BLOCK_CAPTURE_AUTORELEASING = YES;
				CLANG_WARN_BOOL_CONVERSION = YES;
				CLANG_WARN_COMMA = YES;
				CLANG_WARN_CONSTANT_CONVERSION = YES;
				CLANG_WARN_DEPRECATED_OBJC_IMPLEMENTATIONS = YES;
				CLANG_WARN_DIRECT_OBJC_ISA_USAGE = YES_ERROR;
				CLANG_WARN_DOCUMENTATION_COMMENTS = YES;
				CLANG_WARN_EMPTY_BODY = YES;
				CLANG_WARN_ENUM_CONVERSION = YES;
				CLANG_WARN_INFINITE_RECURSION = YES;
				CLANG_WARN_INT_CONVERSION = YES;
				CLANG_WARN_NON_LITERAL_NULL_CONVERSION = YES;
				CLANG_WARN_OBJC_IMPLICIT_RETAIN_SELF = YES;
				CLANG_WARN_OBJC_LITERAL_CONVERSION = YES;
				CLANG_WARN_OBJC_ROOT_CLASS = YES_ERROR;
				CLANG_WARN_QUOTED_INCLUDE_IN_FRAMEWORK_HEADER = YES;
				CLANG_WARN_RANGE_LOOP_ANALYSIS = YES;
				CLANG_WARN_STRICT_PROTOTYPES = YES;
				CLANG_WARN_SUSPICIOUS_MOVE = YES;
				CLANG_WARN_UNGUARDED_AVAILABILITY = YES_AGGRESSIVE;
				CLANG_WARN_UNREACHABLE_CODE = YES;
				CLANG_WARN__DUPLICATE_METHOD_MATCH = YES;
				COPY_PHASE_STRIP = NO;
				DEBUG_INFORMATION_FORMAT = "dwarf-with-dsym";
				ENABLE_NS_ASSERTIONS = NO;
				ENABLE_STRICT_OBJC_MSGSEND = YES;
				GCC_C_LANGUAGE_STANDARD = gnu11;
				GCC_NO_COMMON_BLOCKS = YES;
				GCC_WARN_64_TO_32_BIT_CONVERSION = YES;
				GCC_WARN_ABOUT_RETURN_TYPE = YES_ERROR;
				GCC_WARN_UNDECLARED_SELECTOR = YES;
				GCC_WARN_UNINITIALIZED_AUTOS = YES_AGGRESSIVE;
				GCC_WARN_UNUSED_FUNCTION = YES;
				GCC_WARN_UNUSED_VARIABLE = YES;
				IPHONEOS_DEPLOYMENT_TARGET = 15.5;
				MTL_ENABLE_DEBUG_INFO = NO;
				MTL_FAST_MATH = YES;
				SDKROOT = iphoneos;
				SWIFT_COMPILATION_MODE = wholemodule;
				SWIFT_OPTIMIZATION_LEVEL = "-O";
				VALIDATE_PRODUCT = YES;
			};
			name = Release;
		};
		00C8EF9D297C07940040C6D9 /* Debug */ = {
			isa = XCBuildConfiguration;
			buildSettings = {
				ASSETCATALOG_COMPILER_APPICON_NAME = AppIcon;
				ASSETCATALOG_COMPILER_GLOBAL_ACCENT_COLOR_NAME = AccentColor;
				CODE_SIGN_STYLE = Automatic;
				CURRENT_PROJECT_VERSION = 1;
				DEVELOPMENT_TEAM = KV44Y72Q9R;
				GENERATE_INFOPLIST_FILE = YES;
				INFOPLIST_FILE = ArchdocApp/Info.plist;
				INFOPLIST_KEY_UIApplicationSupportsIndirectInputEvents = YES;
				INFOPLIST_KEY_UILaunchStoryboardName = LaunchScreen;
				INFOPLIST_KEY_UISupportedInterfaceOrientations = UIInterfaceOrientationPortrait;
				INFOPLIST_KEY_UISupportedInterfaceOrientations_iPad = "UIInterfaceOrientationLandscapeLeft UIInterfaceOrientationLandscapeRight UIInterfaceOrientationPortrait UIInterfaceOrientationPortraitUpsideDown";
				LD_RUNPATH_SEARCH_PATHS = (
					"$(inherited)",
					"@executable_path/Frameworks",
				);
				MARKETING_VERSION = 1.0;
				PRODUCT_BUNDLE_IDENTIFIER = com.amsterdance26.ArchdocApp;
				PRODUCT_NAME = "$(TARGET_NAME)";
				SWIFT_EMIT_LOC_STRINGS = YES;
				SWIFT_VERSION = 5.0;
				TARGETED_DEVICE_FAMILY = 1;
			};
			name = Debug;
		};
		00C8EF9E297C07940040C6D9 /* Release */ = {
			isa = XCBuildConfiguration;
			buildSettings = {
				ASSETCATALOG_COMPILER_APPICON_NAME = AppIcon;
				ASSETCATALOG_COMPILER_GLOBAL_ACCENT_COLOR_NAME = AccentColor;
				CODE_SIGN_STYLE = Automatic;
				CURRENT_PROJECT_VERSION = 1;
				DEVELOPMENT_TEAM = KV44Y72Q9R;
				GENERATE_INFOPLIST_FILE = YES;
				INFOPLIST_FILE = ArchdocApp/Info.plist;
				INFOPLIST_KEY_UIApplicationSupportsIndirectInputEvents = YES;
				INFOPLIST_KEY_UILaunchStoryboardName = LaunchScreen;
				INFOPLIST_KEY_UISupportedInterfaceOrientations = UIInterfaceOrientationPortrait;
				INFOPLIST_KEY_UISupportedInterfaceOrientations_iPad = "UIInterfaceOrientationLandscapeLeft UIInterfaceOrientationLandscapeRight UIInterfaceOrientationPortrait UIInterfaceOrientationPortraitUpsideDown";
				LD_RUNPATH_SEARCH_PATHS = (
					"$(inherited)",
					"@executable_path/Frameworks",
				);
				MARKETING_VERSION = 1.0;
				PRODUCT_BUNDLE_IDENTIFIER = com.amsterdance26.ArchdocApp;
				PRODUCT_NAME = "$(TARGET_NAME)";
				SWIFT_EMIT_LOC_STRINGS = YES;
				SWIFT_VERSION = 5.0;
				TARGETED_DEVICE_FAMILY = 1;
			};
			name = Release;
		};
/* End XCBuildConfiguration section */

/* Begin XCConfigurationList section */
		00C8EF83297C07930040C6D9 /* Build configuration list for PBXProject "ArchdocApp" */ = {
			isa = XCConfigurationList;
			buildConfigurations = (
				00C8EF9A297C07940040C6D9 /* Debug */,
				00C8EF9B297C07940040C6D9 /* Release */,
			);
			defaultConfigurationIsVisible = 0;
			defaultConfigurationName = Release;
		};
		00C8EF9C297C07940040C6D9 /* Build configuration list for PBXNativeTarget "ArchdocApp" */ = {
			isa = XCConfigurationList;
			buildConfigurations = (
				00C8EF9D297C07940040C6D9 /* Debug */,
				00C8EF9E297C07940040C6D9 /* Release */,
			);
			defaultConfigurationIsVisible = 0;
			defaultConfigurationName = Release;
		};
/* End XCConfigurationList section */

/* Begin XCRemoteSwiftPackageReference section */
		9D21D3C0299B93DE003E55B2 /* XCRemoteSwiftPackageReference "firebase-ios-sdk" */ = {
			isa = XCRemoteSwiftPackageReference;
			repositoryURL = "https://github.com/firebase/firebase-ios-sdk";
			requirement = {
				kind = upToNextMajorVersion;
				minimumVersion = 9.0.0;
			};
		};
/* End XCRemoteSwiftPackageReference section */

/* Begin XCSwiftPackageProductDependency section */
		9D21D3C1299B93DE003E55B2 /* FirebaseAuth */ = {
			isa = XCSwiftPackageProductDependency;
			package = 9D21D3C0299B93DE003E55B2 /* XCRemoteSwiftPackageReference "firebase-ios-sdk" */;
			productName = FirebaseAuth;
		};
		9D21D3C3299B93DE003E55B2 /* FirebaseDatabaseSwift */ = {
			isa = XCSwiftPackageProductDependency;
			package = 9D21D3C0299B93DE003E55B2 /* XCRemoteSwiftPackageReference "firebase-ios-sdk" */;
			productName = FirebaseDatabaseSwift;
		};
		9D21D3C5299B93DE003E55B2 /* FirebaseFirestoreSwift */ = {
			isa = XCSwiftPackageProductDependency;
			package = 9D21D3C0299B93DE003E55B2 /* XCRemoteSwiftPackageReference "firebase-ios-sdk" */;
			productName = FirebaseFirestoreSwift;
		};
		9D21D3C7299B93DE003E55B2 /* FirebaseStorage */ = {
			isa = XCSwiftPackageProductDependency;
			package = 9D21D3C0299B93DE003E55B2 /* XCRemoteSwiftPackageReference "firebase-ios-sdk" */;
			productName = FirebaseStorage;
		};
/* End XCSwiftPackageProductDependency section */

/* Begin XCVersionGroup section */
		9D48DE84298FAC7A003531B5 /* Architecture.xcdatamodeld */ = {
			isa = XCVersionGroup;
			children = (
				9D48DE85298FAC7A003531B5 /* Architecture.xcdatamodel */,
			);
			currentVersion = 9D48DE85298FAC7A003531B5 /* Architecture.xcdatamodel */;
			path = Architecture.xcdatamodeld;
			sourceTree = "<group>";
			versionGroupType = wrapper.xcdatamodel;
		};
/* End XCVersionGroup section */
	};
	rootObject = 00C8EF80297C07930040C6D9 /* Project object */;
}
